// !$*UTF8*$!
{
	archiveVersion = 1;
	classes = {
	};
	objectVersion = 77;
	objects = {

/* Begin PBXBuildFile section */
		9AA2AA282EBB22FF00D2CCED /* _factory.cpp in Sources */ = {isa = PBXBuildFile; fileRef = 9AA2AA212EBB22FF00D2CCED /* _factory.cpp */; };
		9AA2AA292EBB22FF00D2CCED /* _.cpp in Sources */ = {isa = PBXBuildFile; fileRef = 9AA2AA202EBB22FF00D2CCED /* _.cpp */; };
		9AA2AA2A2EBB22FF00D2CCED /* speaker.cpp in Sources */ = {isa = PBXBuildFile; fileRef = 9AA2AA272EBB22FF00D2CCED /* speaker.cpp */; };
		9AA2AA2B2EBB22FF00D2CCED /* framework.cpp in Sources */ = {isa = PBXBuildFile; fileRef = 9AA2AA242EBB22FF00D2CCED /* framework.cpp */; };
		9AA2AA2C2EBB22FF00D2CCED /* aaa__library.h in Headers */ = {isa = PBXBuildFile; fileRef = 9AA2AA222EBB22FF00D2CCED /* aaa__library.h */; };
		9AA2AA2D2EBB22FF00D2CCED /* speaker.h in Headers */ = {isa = PBXBuildFile; fileRef = 9AA2AA262EBB22FF00D2CCED /* speaker.h */; };
		9AA2AA2E2EBB22FF00D2CCED /* resource.h in Headers */ = {isa = PBXBuildFile; fileRef = 9AA2AA252EBB22FF00D2CCED /* resource.h */; };
		9AA2AA2F2EBB22FF00D2CCED /* _.h in Headers */ = {isa = PBXBuildFile; fileRef = 9AA2AA1F2EBB22FF00D2CCED /* _.h */; };
		9AA2AA302EBB22FF00D2CCED /* framework.h in Headers */ = {isa = PBXBuildFile; fileRef = 9AA2AA232EBB22FF00D2CCED /* framework.h */; };
		9AC3613B2EBB39A000BD8610 /* libacme.dylib in Frameworks */ = {isa = PBXBuildFile; fileRef = 9AC3613A2EBB39A000BD8610 /* libacme.dylib */; };
		9AC3613C2EBB39BA00BD8610 /* libaqua.dylib in Frameworks */ = {isa = PBXBuildFile; fileRef = 9AC361202EBB386300BD8610 /* libaqua.dylib */; };
		9AC3613E2EBB39C600BD8610 /* libapex.dylib in Frameworks */ = {isa = PBXBuildFile; fileRef = 9AC3613D2EBB39C600BD8610 /* libapex.dylib */; };
/* End PBXBuildFile section */

/* Begin PBXContainerItemProxy section */
		9AC361182EBB386100BD8610 /* PBXContainerItemProxy */ = {
			isa = PBXContainerItemProxy;
			containerPortal = 9AC360D32EBB378400BD8610 /* api_google.xcodeproj */;
			proxyType = 1;
			remoteGlobalIDString = 9AEB75A216F78DF10085103B;
			remoteInfo = api_google;
		};
		9AC3611A2EBB386100BD8610 /* PBXContainerItemProxy */ = {
			isa = PBXContainerItemProxy;
			containerPortal = 9AC361152EBB386100BD8610 /* aqua.xcodeproj */;
			proxyType = 1;
			remoteGlobalIDString = 9A2818FD25242488009FA9CB;
			remoteInfo = aqua;
		};
		9AC3611F2EBB386300BD8610 /* PBXContainerItemProxy */ = {
			isa = PBXContainerItemProxy;
			containerPortal = 9AC361152EBB386100BD8610 /* aqua.xcodeproj */;
			proxyType = 2;
			remoteGlobalIDString = 9A2818FE25242488009FA9CB;
			remoteInfo = aqua;
		};
/* End PBXContainerItemProxy section */

/* Begin PBXFileReference section */
		9AA2A9DB2EBB1EDB00D2CCED /* libtext_to_speech_google.dylib */ = {isa = PBXFileReference; explicitFileType = "compiled.mach-o.dylib"; includeInIndex = 0; path = libtext_to_speech_google.dylib; sourceTree = BUILT_PRODUCTS_DIR; };
		9AA2AA1F2EBB22FF00D2CCED /* _.h */ = {isa = PBXFileReference; lastKnownFileType = sourcecode.c.h; path = _.h; sourceTree = "<group>"; };
		9AA2AA202EBB22FF00D2CCED /* _.cpp */ = {isa = PBXFileReference; lastKnownFileType = sourcecode.cpp.cpp; path = _.cpp; sourceTree = "<group>"; };
		9AA2AA212EBB22FF00D2CCED /* _factory.cpp */ = {isa = PBXFileReference; lastKnownFileType = sourcecode.cpp.cpp; path = _factory.cpp; sourceTree = "<group>"; };
		9AA2AA222EBB22FF00D2CCED /* aaa__library.h */ = {isa = PBXFileReference; lastKnownFileType = sourcecode.c.h; path = aaa__library.h; sourceTree = "<group>"; };
		9AA2AA232EBB22FF00D2CCED /* framework.h */ = {isa = PBXFileReference; lastKnownFileType = sourcecode.c.h; path = framework.h; sourceTree = "<group>"; };
		9AA2AA242EBB22FF00D2CCED /* framework.cpp */ = {isa = PBXFileReference; lastKnownFileType = sourcecode.cpp.cpp; path = framework.cpp; sourceTree = "<group>"; };
		9AA2AA252EBB22FF00D2CCED /* resource.h */ = {isa = PBXFileReference; lastKnownFileType = sourcecode.c.h; path = resource.h; sourceTree = "<group>"; };
		9AA2AA262EBB22FF00D2CCED /* speaker.h */ = {isa = PBXFileReference; lastKnownFileType = sourcecode.c.h; path = speaker.h; sourceTree = "<group>"; };
		9AA2AA272EBB22FF00D2CCED /* speaker.cpp */ = {isa = PBXFileReference; lastKnownFileType = sourcecode.cpp.cpp; path = speaker.cpp; sourceTree = "<group>"; };
		9AC360C72EBB359C00BD8610 /* _____debug.xcconfig */ = {isa = PBXFileReference; lastKnownFileType = text.xcconfig; path = "_____debug.xcconfig"; sourceTree = "<group>"; };
		9AC360C82EBB359C00BD8610 /* _____release.xcconfig */ = {isa = PBXFileReference; lastKnownFileType = text.xcconfig; path = "_____release.xcconfig"; sourceTree = "<group>"; };
		9AC360CD2EBB373800BD8610 /* aqua.xcodeproj */ = {isa = PBXFileReference; lastKnownFileType = "wrapper.pb-project"; name = aqua.xcodeproj; path = /Users/camilo/code/main/source/app/aqua/aqua.xcodeproj; sourceTree = "<absolute>"; };
		9AC360D32EBB378400BD8610 /* api_google.xcodeproj */ = {isa = PBXFileReference; lastKnownFileType = "wrapper.pb-project"; name = api_google.xcodeproj; path = "/Users/camilo/code/main/source/app-interface/api_google/api_google.xcodeproj"; sourceTree = "<absolute>"; };
		9AC361152EBB386100BD8610 /* aqua.xcodeproj */ = {isa = PBXFileReference; lastKnownFileType = "wrapper.pb-project"; name = aqua.xcodeproj; path = /Users/camilo/code/main/source/app/aqua/aqua.xcodeproj; sourceTree = "<absolute>"; };
		9AC3613A2EBB39A000BD8610 /* libacme.dylib */ = {isa = PBXFileReference; explicitFileType = "compiled.mach-o.dylib"; path = libacme.dylib; sourceTree = BUILT_PRODUCTS_DIR; };
		9AC3613D2EBB39C600BD8610 /* libapex.dylib */ = {isa = PBXFileReference; explicitFileType = "compiled.mach-o.dylib"; path = libapex.dylib; sourceTree = BUILT_PRODUCTS_DIR; };
/* End PBXFileReference section */

/* Begin PBXFrameworksBuildPhase section */
		9AA2A9D92EBB1EDB00D2CCED /* Frameworks */ = {
			isa = PBXFrameworksBuildPhase;
			buildActionMask = 2147483647;
			files = (
				9AC3613E2EBB39C600BD8610 /* libapex.dylib in Frameworks */,
				9AC3613C2EBB39BA00BD8610 /* libaqua.dylib in Frameworks */,
				9AC3613B2EBB39A000BD8610 /* libacme.dylib in Frameworks */,
			);
			runOnlyForDeploymentPostprocessing = 0;
		};
/* End PBXFrameworksBuildPhase section */

/* Begin PBXGroup section */
		9A31D1A12EBB570F000AF09F /* Products */ = {
			isa = PBXGroup;
			children = (
			);
			name = Products;
			sourceTree = "<group>";
		};
		9AA2A9D22EBB1EDB00D2CCED = {
			isa = PBXGroup;
			children = (
				9AC360D32EBB378400BD8610 /* api_google.xcodeproj */,
				9AC360CD2EBB373800BD8610 /* aqua.xcodeproj */,
				9AC360C72EBB359C00BD8610 /* _____debug.xcconfig */,
				9AC360C82EBB359C00BD8610 /* _____release.xcconfig */,
				9AA2AA1F2EBB22FF00D2CCED /* _.h */,
				9AA2AA202EBB22FF00D2CCED /* _.cpp */,
				9AA2AA212EBB22FF00D2CCED /* _factory.cpp */,
				9AA2AA222EBB22FF00D2CCED /* aaa__library.h */,
				9AA2AA232EBB22FF00D2CCED /* framework.h */,
				9AA2AA242EBB22FF00D2CCED /* framework.cpp */,
				9AA2AA252EBB22FF00D2CCED /* resource.h */,
				9AA2AA262EBB22FF00D2CCED /* speaker.h */,
				9AA2AA272EBB22FF00D2CCED /* speaker.cpp */,
				9AA2A9DC2EBB1EDB00D2CCED /* Products */,
				9AC361152EBB386100BD8610 /* aqua.xcodeproj */,
				9AC361392EBB39A000BD8610 /* Frameworks */,
			);
			sourceTree = "<group>";
		};
		9AA2A9DC2EBB1EDB00D2CCED /* Products */ = {
			isa = PBXGroup;
			children = (
				9AA2A9DB2EBB1EDB00D2CCED /* libtext_to_speech_google.dylib */,
			);
			name = Products;
			sourceTree = "<group>";
		};
		9AC360D72EBB378500BD8610 /* Products */ = {
			isa = PBXGroup;
			children = (
			);
			name = Products;
			sourceTree = "<group>";
		};
		9AC361162EBB386100BD8610 /* Products */ = {
			isa = PBXGroup;
			children = (
				9AC361202EBB386300BD8610 /* libaqua.dylib */,
			);
			name = Products;
			sourceTree = "<group>";
		};
		9AC361392EBB39A000BD8610 /* Frameworks */ = {
			isa = PBXGroup;
			children = (
				9AC3613D2EBB39C600BD8610 /* libapex.dylib */,
				9AC3613A2EBB39A000BD8610 /* libacme.dylib */,
			);
			name = Frameworks;
			sourceTree = "<group>";
		};
/* End PBXGroup section */

/* Begin PBXHeadersBuildPhase section */
		9AA2A9D72EBB1EDB00D2CCED /* Headers */ = {
			isa = PBXHeadersBuildPhase;
			buildActionMask = 2147483647;
			files = (
				9AA2AA2C2EBB22FF00D2CCED /* aaa__library.h in Headers */,
				9AA2AA2D2EBB22FF00D2CCED /* speaker.h in Headers */,
				9AA2AA2E2EBB22FF00D2CCED /* resource.h in Headers */,
				9AA2AA2F2EBB22FF00D2CCED /* _.h in Headers */,
				9AA2AA302EBB22FF00D2CCED /* framework.h in Headers */,
			);
			runOnlyForDeploymentPostprocessing = 0;
		};
/* End PBXHeadersBuildPhase section */

/* Begin PBXNativeTarget section */
		9AA2A9DA2EBB1EDB00D2CCED /* text_to_speech_google */ = {
			isa = PBXNativeTarget;
			buildConfigurationList = 9AA2A9DF2EBB1EDB00D2CCED /* Build configuration list for PBXNativeTarget "text_to_speech_google" */;
			buildPhases = (
				9AA2A9D72EBB1EDB00D2CCED /* Headers */,
				9AA2A9D82EBB1EDB00D2CCED /* Sources */,
				9AA2A9D92EBB1EDB00D2CCED /* Frameworks */,
			);
			buildRules = (
			);
			dependencies = (
				9AC361192EBB386100BD8610 /* PBXTargetDependency */,
				9AC3611B2EBB386100BD8610 /* PBXTargetDependency */,
			);
			name = text_to_speech_google;
			packageProductDependencies = (
			);
			productName = text_to_speech_google;
			productReference = 9AA2A9DB2EBB1EDB00D2CCED /* libtext_to_speech_google.dylib */;
			productType = "com.apple.product-type.library.dynamic";
		};
/* End PBXNativeTarget section */

/* Begin PBXProject section */
		9AA2A9D32EBB1EDB00D2CCED /* Project object */ = {
			isa = PBXProject;
			attributes = {
				BuildIndependentTargetsInParallel = 1;
				LastUpgradeCheck = 2610;
				TargetAttributes = {
					9AA2A9DA2EBB1EDB00D2CCED = {
						CreatedOnToolsVersion = 26.1;
					};
				};
			};
			buildConfigurationList = 9AA2A9D62EBB1EDB00D2CCED /* Build configuration list for PBXProject "text_to_speech_google" */;
			developmentRegion = en;
			hasScannedForEncodings = 0;
			knownRegions = (
				en,
				Base,
			);
			mainGroup = 9AA2A9D22EBB1EDB00D2CCED;
			minimizedProjectReferenceProxies = 1;
			preferredProjectObjectVersion = 77;
			productRefGroup = 9AA2A9DC2EBB1EDB00D2CCED /* Products */;
			projectDirPath = "";
			projectReferences = (
				{
					ProductGroup = 9AC360D72EBB378500BD8610 /* Products */;
					ProjectRef = 9AC360D32EBB378400BD8610 /* api_google.xcodeproj */;
				},
				{
					ProductGroup = 9A31D1A12EBB570F000AF09F /* Products */;
					ProjectRef = 9AC360CD2EBB373800BD8610 /* aqua.xcodeproj */;
				},
				{
					ProductGroup = 9AC361162EBB386100BD8610 /* Products */;
					ProjectRef = 9AC361152EBB386100BD8610 /* aqua.xcodeproj */;
				},
			);
			projectRoot = "";
			targets = (
				9AA2A9DA2EBB1EDB00D2CCED /* text_to_speech_google */,
			);
		};
/* End PBXProject section */

/* Begin PBXReferenceProxy section */
		9AC361202EBB386300BD8610 /* libaqua.dylib */ = {
			isa = PBXReferenceProxy;
			fileType = "compiled.mach-o.dylib";
			path = libaqua.dylib;
			remoteRef = 9AC3611F2EBB386300BD8610 /* PBXContainerItemProxy */;
			sourceTree = BUILT_PRODUCTS_DIR;
		};
/* End PBXReferenceProxy section */

/* Begin PBXSourcesBuildPhase section */
		9AA2A9D82EBB1EDB00D2CCED /* Sources */ = {
			isa = PBXSourcesBuildPhase;
			buildActionMask = 2147483647;
			files = (
				9AA2AA282EBB22FF00D2CCED /* _factory.cpp in Sources */,
				9AA2AA292EBB22FF00D2CCED /* _.cpp in Sources */,
				9AA2AA2A2EBB22FF00D2CCED /* speaker.cpp in Sources */,
				9AA2AA2B2EBB22FF00D2CCED /* framework.cpp in Sources */,
			);
			runOnlyForDeploymentPostprocessing = 0;
		};
/* End PBXSourcesBuildPhase section */

/* Begin PBXTargetDependency section */
		9AC361192EBB386100BD8610 /* PBXTargetDependency */ = {
			isa = PBXTargetDependency;
			name = api_google;
			targetProxy = 9AC361182EBB386100BD8610 /* PBXContainerItemProxy */;
		};
		9AC3611B2EBB386100BD8610 /* PBXTargetDependency */ = {
			isa = PBXTargetDependency;
			name = aqua;
			targetProxy = 9AC3611A2EBB386100BD8610 /* PBXContainerItemProxy */;
		};
/* End PBXTargetDependency section */

/* Begin XCBuildConfiguration section */
		9AA2A9DD2EBB1EDB00D2CCED /* Debug */ = {
			isa = XCBuildConfiguration;
			baseConfigurationReference = 9AC360C72EBB359C00BD8610 /* _____debug.xcconfig */;
			buildSettings = {
				ALWAYS_SEARCH_USER_PATHS = NO;
				ASSETCATALOG_COMPILER_GENERATE_SWIFT_ASSET_SYMBOL_EXTENSIONS = YES;
				CLANG_ANALYZER_NONNULL = YES;
				CLANG_ANALYZER_NUMBER_OBJECT_CONVERSION = YES_AGGRESSIVE;
				CLANG_CXX_LANGUAGE_STANDARD = "c++20";
				CLANG_ENABLE_MODULES = YES;
				CLANG_ENABLE_OBJC_ARC = YES;
				CLANG_ENABLE_OBJC_WEAK = YES;
				CLANG_WARN_BLOCK_CAPTURE_AUTORELEASING = YES;
				CLANG_WARN_BOOL_CONVERSION = YES;
				CLANG_WARN_COMMA = YES;
				CLANG_WARN_CONSTANT_CONVERSION = YES;
				CLANG_WARN_DEPRECATED_OBJC_IMPLEMENTATIONS = YES;
				CLANG_WARN_DIRECT_OBJC_ISA_USAGE = YES_ERROR;
				CLANG_WARN_DOCUMENTATION_COMMENTS = YES;
				CLANG_WARN_EMPTY_BODY = YES;
				CLANG_WARN_ENUM_CONVERSION = YES;
				CLANG_WARN_INFINITE_RECURSION = YES;
				CLANG_WARN_INT_CONVERSION = YES;
				CLANG_WARN_NON_LITERAL_NULL_CONVERSION = YES;
				CLANG_WARN_OBJC_IMPLICIT_RETAIN_SELF = YES;
				CLANG_WARN_OBJC_LITERAL_CONVERSION = YES;
				CLANG_WARN_OBJC_ROOT_CLASS = YES_ERROR;
				CLANG_WARN_QUOTED_INCLUDE_IN_FRAMEWORK_HEADER = YES;
				CLANG_WARN_RANGE_LOOP_ANALYSIS = YES;
				CLANG_WARN_STRICT_PROTOTYPES = YES;
				CLANG_WARN_SUSPICIOUS_MOVE = YES;
				CLANG_WARN_UNGUARDED_AVAILABILITY = YES_AGGRESSIVE;
				CLANG_WARN_UNREACHABLE_CODE = YES;
				CLANG_WARN__DUPLICATE_METHOD_MATCH = YES;
				COPY_PHASE_STRIP = NO;
				DEBUG_INFORMATION_FORMAT = "dwarf-with-dsym";
				DEVELOPMENT_TEAM = L8N5V6TZE5;
				ENABLE_STRICT_OBJC_MSGSEND = YES;
				ENABLE_TESTABILITY = YES;
				ENABLE_USER_SCRIPT_SANDBOXING = YES;
				EXECUTABLE_PREFIX = lib;
				GCC_C_LANGUAGE_STANDARD = c11;
				GCC_DYNAMIC_NO_PIC = NO;
				GCC_NO_COMMON_BLOCKS = YES;
				GCC_OPTIMIZATION_LEVEL = 0;
				GCC_PREPROCESSOR_DEFINITIONS = (
					"DEBUG=1",
					"$(inherited)",
				);
				GCC_WARN_64_TO_32_BIT_CONVERSION = YES;
				GCC_WARN_ABOUT_RETURN_TYPE = YES_ERROR;
				GCC_WARN_UNDECLARED_SELECTOR = YES;
				GCC_WARN_UNINITIALIZED_AUTOS = YES_AGGRESSIVE;
				GCC_WARN_UNUSED_FUNCTION = YES;
				GCC_WARN_UNUSED_VARIABLE = YES;
				HEADER_SEARCH_PATHS = "";
				INSTALL_PATH = "@executable_path";
				LD_RUNPATH_SEARCH_PATHS = "@executable_path";
				LIBRARY_SEARCH_PATHS = (
					"$(inherited)",
					"$(WorkspaceDir)/../operating_system/storage-$(PLATFORM_MODIFIER)/$(CONFIGURATION)/library",
				);
				LOCALIZATION_PREFERS_STRING_CATALOGS = YES;
				MACOSX_DEPLOYMENT_TARGET = 26.0;
				MTL_ENABLE_DEBUG_INFO = INCLUDE_SOURCE;
				MTL_FAST_MATH = YES;
				ONLY_ACTIVE_ARCH = YES;
				PRODUCT_NAME = "$(TARGET_NAME)";
				SDKROOT = macosx;
				SKIP_INSTALL = YES;
				SYSTEM_HEADER_SEARCH_PATHS = (
					"$(WorkspaceDir)/operating_system/operating_system-$(PLATFORM_MODIFIER)/include",
					"$(WorkspaceDir)/port/include",
					"$(WorkspaceDir)/source/app/include",
				);
				USER_HEADER_SEARCH_PATHS = (
					.,
					"$(WorkspaceDir)/source",
					"$(WorkspaceDir)/source/app",
					"$(WorkspaceDir)/source/app/_include",
					"$(WorkspaceDir)/operating_system",
					"$(WorkspaceDir)/operating_system/operating_system-$(PLATFORM_MODIFIER)",
					"$(WorkspaceDir)/operating_system/operating_system-$(PLATFORM_MODIFIER)/configuration_selection/$(CONFIGURATION)",
					"$(WorkspaceDir)/port/_",
					"$(PROJECT_DIR)",
					"$(PROJECT_DIR)/..",
					"$(PROJECT_DIR)/../..",
					"$(HOME)/sensitive/sensitive/include",
				);
				USE_HEADERMAP = NO;
				WorkspaceDir = "$(SRCROOT)/../../..";
			};
			name = Debug;
		};
		9AA2A9DE2EBB1EDB00D2CCED /* Release */ = {
			isa = XCBuildConfiguration;
			baseConfigurationReference = 9AC360C82EBB359C00BD8610 /* _____release.xcconfig */;
			buildSettings = {
				ALWAYS_SEARCH_USER_PATHS = NO;
				ASSETCATALOG_COMPILER_GENERATE_SWIFT_ASSET_SYMBOL_EXTENSIONS = YES;
				CLANG_ANALYZER_NONNULL = YES;
				CLANG_ANALYZER_NUMBER_OBJECT_CONVERSION = YES_AGGRESSIVE;
				CLANG_CXX_LANGUAGE_STANDARD = "c++20";
				CLANG_ENABLE_MODULES = YES;
				CLANG_ENABLE_OBJC_ARC = YES;
				CLANG_ENABLE_OBJC_WEAK = YES;
				CLANG_WARN_BLOCK_CAPTURE_AUTORELEASING = YES;
				CLANG_WARN_BOOL_CONVERSION = YES;
				CLANG_WARN_COMMA = YES;
				CLANG_WARN_CONSTANT_CONVERSION = YES;
				CLANG_WARN_DEPRECATED_OBJC_IMPLEMENTATIONS = YES;
				CLANG_WARN_DIRECT_OBJC_ISA_USAGE = YES_ERROR;
				CLANG_WARN_DOCUMENTATION_COMMENTS = YES;
				CLANG_WARN_EMPTY_BODY = YES;
				CLANG_WARN_ENUM_CONVERSION = YES;
				CLANG_WARN_INFINITE_RECURSION = YES;
				CLANG_WARN_INT_CONVERSION = YES;
				CLANG_WARN_NON_LITERAL_NULL_CONVERSION = YES;
				CLANG_WARN_OBJC_IMPLICIT_RETAIN_SELF = YES;
				CLANG_WARN_OBJC_LITERAL_CONVERSION = YES;
				CLANG_WARN_OBJC_ROOT_CLASS = YES_ERROR;
				CLANG_WARN_QUOTED_INCLUDE_IN_FRAMEWORK_HEADER = YES;
				CLANG_WARN_RANGE_LOOP_ANALYSIS = YES;
				CLANG_WARN_STRICT_PROTOTYPES = YES;
				CLANG_WARN_SUSPICIOUS_MOVE = YES;
				CLANG_WARN_UNGUARDED_AVAILABILITY = YES_AGGRESSIVE;
				CLANG_WARN_UNREACHABLE_CODE = YES;
				CLANG_WARN__DUPLICATE_METHOD_MATCH = YES;
				COPY_PHASE_STRIP = NO;
				DEBUG_INFORMATION_FORMAT = "dwarf-with-dsym";
				DEVELOPMENT_TEAM = L8N5V6TZE5;
				ENABLE_NS_ASSERTIONS = NO;
				ENABLE_STRICT_OBJC_MSGSEND = YES;
				ENABLE_TESTABILITY = YES;
				ENABLE_USER_SCRIPT_SANDBOXING = YES;
				EXECUTABLE_PREFIX = lib;
				GCC_C_LANGUAGE_STANDARD = c11;
				GCC_NO_COMMON_BLOCKS = YES;
				GCC_WARN_64_TO_32_BIT_CONVERSION = YES;
				GCC_WARN_ABOUT_RETURN_TYPE = YES_ERROR;
				GCC_WARN_UNDECLARED_SELECTOR = YES;
				GCC_WARN_UNINITIALIZED_AUTOS = YES_AGGRESSIVE;
				GCC_WARN_UNUSED_FUNCTION = YES;
				GCC_WARN_UNUSED_VARIABLE = YES;
				HEADER_SEARCH_PATHS = "";
				INSTALL_PATH = "@executable_path";
				LD_RUNPATH_SEARCH_PATHS = "@executable_path";
				LIBRARY_SEARCH_PATHS = (
					"$(inherited)",
					"$(WorkspaceDir)/../operating_system/storage-$(PLATFORM_MODIFIER)/$(CONFIGURATION)/library",
				);
				LOCALIZATION_PREFERS_STRING_CATALOGS = YES;
				MACOSX_DEPLOYMENT_TARGET = 26.0;
				MTL_ENABLE_DEBUG_INFO = NO;
				MTL_FAST_MATH = YES;
				PRODUCT_NAME = "$(TARGET_NAME)";
				SDKROOT = macosx;
				SKIP_INSTALL = YES;
				SYSTEM_HEADER_SEARCH_PATHS = (
					"$(WorkspaceDir)/operating_system/operating_system-$(PLATFORM_MODIFIER)/include",
					"$(WorkspaceDir)/port/include",
					"$(WorkspaceDir)/source/app/include",
				);
				USER_HEADER_SEARCH_PATHS = (
					.,
					"$(WorkspaceDir)/source",
					"$(WorkspaceDir)/source/app",
					"$(WorkspaceDir)/source/app/_include",
					"$(WorkspaceDir)/operating_system",
					"$(WorkspaceDir)/operating_system/operating_system-$(PLATFORM_MODIFIER)",
					"$(WorkspaceDir)/operating_system/operating_system-$(PLATFORM_MODIFIER)/configuration_selection/$(CONFIGURATION)",
					"$(WorkspaceDir)/port/_",
					"$(PROJECT_DIR)",
					"$(PROJECT_DIR)/..",
					"$(PROJECT_DIR)/../..",
					"$(HOME)/sensitive/sensitive/include",
				);
				USE_HEADERMAP = NO;
				WorkspaceDir = "$(SRCROOT)/../../..";
			};
			name = Release;
		};
		9AA2A9E02EBB1EDB00D2CCED /* Debug */ = {
			isa = XCBuildConfiguration;
			buildSettings = {
				ENABLE_HARDENED_RUNTIME = YES;
				EXECUTABLE_EXTENSION = dylib;
				MACH_O_TYPE = mh_dylib;
				PLATFORM_MODIFIER = macos;
				SDKROOT = macosx;
			};
			name = Debug;
		};
		9AA2A9E12EBB1EDB00D2CCED /* Release */ = {
			isa = XCBuildConfiguration;
			buildSettings = {
				ENABLE_HARDENED_RUNTIME = YES;
				EXECUTABLE_EXTENSION = dylib;
				MACH_O_TYPE = mh_dylib;
				PLATFORM_MODIFIER = macos;
				SDKROOT = macosx;
			};
			name = Release;
		};
/* End XCBuildConfiguration section */

/* Begin XCConfigurationList section */
		9AA2A9D62EBB1EDB00D2CCED /* Build configuration list for PBXProject "text_to_speech_google" */ = {
			isa = XCConfigurationList;
			buildConfigurations = (
				9AA2A9DD2EBB1EDB00D2CCED /* Debug */,
				9AA2A9DE2EBB1EDB00D2CCED /* Release */,
			);
			defaultConfigurationIsVisible = 0;
			defaultConfigurationName = Release;
		};
		9AA2A9DF2EBB1EDB00D2CCED /* Build configuration list for PBXNativeTarget "text_to_speech_google" */ = {
			isa = XCConfigurationList;
			buildConfigurations = (
				9AA2A9E02EBB1EDB00D2CCED /* Debug */,
				9AA2A9E12EBB1EDB00D2CCED /* Release */,
			);
			defaultConfigurationIsVisible = 0;
			defaultConfigurationName = Release;
		};
/* End XCConfigurationList section */
	};
	rootObject = 9AA2A9D32EBB1EDB00D2CCED /* Project object */;
}
