// !$*UTF8*$!
{
	archiveVersion = 1;
	classes = {
	};
	objectVersion = 54;
	objects = {

/* Begin PBXBuildFile section */
		79ABC950337F99278BEB8350 /* libacme.dylib in Frameworks */ = {isa = PBXBuildFile; fileRef = 225FE482270C2EE4C983ED1F /* libacme.dylib */; };
		8496FE00EA7D40C446F9B20E /* libapex.dylib in Frameworks */ = {isa = PBXBuildFile; fileRef = 514A6B7996AAFB717D6BCE53 /* libapex.dylib */; };
		5C96884DC3FEC8BA2482B87F /* libaqua.dylib in Frameworks */ = {isa = PBXBuildFile; fileRef = 8061C55A3E38CA91A0B838E8 /* libaqua.dylib */; };
		9091C58F75E7048503B571DF /* libaura.dylib in Frameworks */ = {isa = PBXBuildFile; fileRef = DBD058BD3C9046CD54BBD957 /* libaura.dylib */; };
		AD3CE290111DEC235531472E /* aaa__library.h in Headers */ = {isa = PBXBuildFile; fileRef = 32A66B1A50B7528B8E1F2564 /* aaa__library.h */; };
		62B4757EC19A891C9C0FC6B5 /* _user_text_to_speech.h in Headers */ = {isa = PBXBuildFile; fileRef = 92E002060E2FFE453EAE50F4 /* _user_text_to_speech.h */; };
		BF73639064AD1F341C11C09B /* platform.cpp in Sources */ = {isa = PBXBuildFile; fileRef = 9DE66BEA07877E66541EC65C /* platform.cpp */; };
		06F747674CA15193DC5C8D8C /* _.cpp in Sources */ = {isa = PBXBuildFile; fileRef = 11EDB80294420D1A7FC12F3A /* _.cpp */; };
		AAB8670CEBCCE06CDFD80B1E /* resource.h in Headers */ = {isa = PBXBuildFile; fileRef = 5834C023BDCA90B5712D0C65 /* resource.h */; };
		9E3130516F61036A4DA2DDF1 /* platform.h in Headers */ = {isa = PBXBuildFile; fileRef = 77642320110DE2E2B4372989 /* platform.h */; };
		A4A94B1A236BF80BB531F199 /* form_handler.h in Headers */ = {isa = PBXBuildFile; fileRef = 67EE002585E2AAA66E1C5492 /* form_handler.h */; };
		433186B3D3B3F3E9F0DBA136 /* form_handler.cpp in Sources */ = {isa = PBXBuildFile; fileRef = ED5296C535529AF74D3EB916 /* form_handler.cpp */; };
		F62611467BECBBBD2F9085C3 /* _factory.cpp in Sources */ = {isa = PBXBuildFile; fileRef = A837B09A272047D5A12EB4A0 /* _factory.cpp */; };
		500D5D6331EF1BDC9BF2EA9E /* _.h in Headers */ = {isa = PBXBuildFile; fileRef = F1B7E26BD80B3FAF1D3986B5 /* _.h */; };
		5524CAB4DFE108C165110295 /* _.h in Headers */ = {isa = PBXBuildFile; fileRef = F1B7E26BD80B3FAF1D3986B5 /* _.h */; };
		F7C7FD25CB1BF9025C2A69B6 /* resource.h in Headers */ = {isa = PBXBuildFile; fileRef = 5834C023BDCA90B5712D0C65 /* resource.h */; };
		61E5DF559959923891B51688 /* aaa__library.h in Headers */ = {isa = PBXBuildFile; fileRef = 32A66B1A50B7528B8E1F2564 /* aaa__library.h */; };
		4B52A52AEE359662564E8973 /* form_handler.h in Headers */ = {isa = PBXBuildFile; fileRef = 67EE002585E2AAA66E1C5492 /* form_handler.h */; };
		864DE6B056CEB1F309F7CDA7 /* _user_text_to_speech.h in Headers */ = {isa = PBXBuildFile; fileRef = 92E002060E2FFE453EAE50F4 /* _user_text_to_speech.h */; };
		3B6538DA968AC5E564610772 /* platform.h in Headers */ = {isa = PBXBuildFile; fileRef = 77642320110DE2E2B4372989 /* platform.h */; };
		F7AACCA9513CEE36C04EBB60 /* _factory.cpp in Sources */ = {isa = PBXBuildFile; fileRef = A837B09A272047D5A12EB4A0 /* _factory.cpp */; };
		2A7246AC507A6ADD777B281D /* _.cpp in Sources */ = {isa = PBXBuildFile; fileRef = 11EDB80294420D1A7FC12F3A /* _.cpp */; };
		64B692E5067F5C79454CA9E3 /* form_handler.cpp in Sources */ = {isa = PBXBuildFile; fileRef = ED5296C535529AF74D3EB916 /* form_handler.cpp */; };
		7602643360C587E9443ED594 /* platform.cpp in Sources */ = {isa = PBXBuildFile; fileRef = 9DE66BEA07877E66541EC65C /* platform.cpp */; };
		7826C54A3CA19D001B9CDDD9 /* libaxis.dylib in Frameworks */ = {isa = PBXBuildFile; fileRef = 56A6B1D08A042E49534792A9 /* libaxis.dylib */; };
		C323DBEDE39360B25E43AD3A /* libberg.dylib in Frameworks */ = {isa = PBXBuildFile; fileRef = 1E069DB3643D53ED97EFD340 /* libberg.dylib */; };
		6D16330E3B847F9174A1DD11 /* libbred.dylib in Frameworks */ = {isa = PBXBuildFile; fileRef = FC72C39E6C7D17BF1087CEC0 /* libbred.dylib */; };
		BC8F257DCD3B84D0905F1A60 /* libcore.dylib in Frameworks */ = {isa = PBXBuildFile; fileRef = F8BC363ECF87416ABF1377D6 /* libcore.dylib */; };
/* End PBXBuildFile section */

/* Begin PBXContainerItemProxy section */
		2276B3D91EB6485B962E514C /* PBXContainerItemProxy */ = {
			isa = PBXContainerItemProxy;
			containerPortal = C0A926F4ADC83E6CB4032723 /* text_to_speech_azure.xcodeproj */;
			proxyType = 1;
			remoteGlobalIDString = F4195822555FAEA71099A1A0;
			remoteInfo = ios_text_to_speech_azure;
		};
		48C87F894E306A5184EAD41A /* PBXContainerItemProxy */ = {
			isa = PBXContainerItemProxy;
			containerPortal = 939FB255A476C328BAC66860 /* text_to_speech_google.xcodeproj */;
			proxyType = 1;
			remoteGlobalIDString = E10123D7EC0D0A0011E7D8DE;
			remoteInfo = ios_text_to_speech_google;
		};
		BE59907E4CED789174B8073F /* PBXContainerItemProxy */ = {
			isa = PBXContainerItemProxy;
			containerPortal = A8EB3FCBE7A41287D20D781F /* text_to_speech_streamelements.xcodeproj */;
			proxyType = 1;
			remoteGlobalIDString = 5D2A116AF4A2B45C6C35A3CA;
			remoteInfo = ios_text_to_speech_streamelements;
		};
		D94B643D773ADC9A31E94CC0 /* PBXContainerItemProxy */ = {
			isa = PBXContainerItemProxy;
			containerPortal = C0A926F4ADC83E6CB4032723 /* text_to_speech_azure.xcodeproj */;
			proxyType = 2;
			remoteGlobalIDString = 08FAFFB8989F2B2C7AD93533;
			remoteInfo = ios_text_to_speech_azure;
		};
		DF4B9B83231FF0C4F508AB26 /* PBXContainerItemProxy */ = {
			isa = PBXContainerItemProxy;
			containerPortal = 939FB255A476C328BAC66860 /* text_to_speech_google.xcodeproj */;
			proxyType = 2;
			remoteGlobalIDString = B7224E4B4F252561315F9317;
			remoteInfo = ios_text_to_speech_google;
		};
		AB2DFDE65D559BF163B5AAD7 /* PBXContainerItemProxy */ = {
			isa = PBXContainerItemProxy;
			containerPortal = A8EB3FCBE7A41287D20D781F /* text_to_speech_streamelements.xcodeproj */;
			proxyType = 2;
			remoteGlobalIDString = F6D591173D4E48E05A27D6A2;
			remoteInfo = ios_text_to_speech_streamelements;
		};
		C78F0F58351D4CEE5118F962 /* PBXContainerItemProxy */ = {
			isa = PBXContainerItemProxy;
			containerPortal = 941DE189EC59AAC6798D2E48 /* core.xcodeproj */;
			proxyType = 1;
			remoteGlobalIDString = BDB7DB8E5A0D891ACC309C9D;
			remoteInfo = core;
		};
		C355083C6A3868DCC2F11203 /* PBXContainerItemProxy */ = {
			isa = PBXContainerItemProxy;
			containerPortal = E094C09EBF246ECEF52B7453 /* audio.xcodeproj */;
			proxyType = 1;
			remoteGlobalIDString = D128E4D8B235C62A50AF0B1D;
			remoteInfo = audio;
		};
		E479D24FF7DA22174FC45AF0 /* PBXContainerItemProxy */ = {
			isa = PBXContainerItemProxy;
			containerPortal = C0A926F4ADC83E6CB4032723 /* text_to_speech_azure.xcodeproj */;
			proxyType = 2;
			remoteGlobalIDString = 9A81EAD4274ECAB3003F38EC;
			remoteInfo = text_to_speech_azure;
		};
		8CA808D0CC43DEEBA6BA7714 /* PBXContainerItemProxy */ = {
			isa = PBXContainerItemProxy;
			containerPortal = A8EB3FCBE7A41287D20D781F /* text_to_speech_streamelements.xcodeproj */;
			proxyType = 2;
			remoteGlobalIDString = 9A81EAE4274ECAF3003F38EC;
			remoteInfo = text_to_speech_streamelements;
		};
		C3EBCA57F66E86816CBF97FB /* PBXContainerItemProxy */ = {
			isa = PBXContainerItemProxy;
			containerPortal = 939FB255A476C328BAC66860 /* text_to_speech_google.xcodeproj */;
			proxyType = 2;
			remoteGlobalIDString = 9A81EAE4274ECAF3003F38EC;
			remoteInfo = text_to_speech_google;
		};
		8126566304BAF8B8408DE88C /* PBXContainerItemProxy */ = {
			isa = PBXContainerItemProxy;
			containerPortal = C0A926F4ADC83E6CB4032723 /* text_to_speech_azure.xcodeproj */;
			proxyType = 1;
			remoteGlobalIDString = 8928DBDDFF8DA83E8D8B2363;
			remoteInfo = text_to_speech_azure;
		};
		3EE46E948CDB9DA70B7A7218 /* PBXContainerItemProxy */ = {
			isa = PBXContainerItemProxy;
			containerPortal = 939FB255A476C328BAC66860 /* text_to_speech_google.xcodeproj */;
			proxyType = 1;
			remoteGlobalIDString = DC16FFB8904E19B7D97F84C8;
			remoteInfo = text_to_speech_google;
		};
		527C880DD4F27F0BD81DF282 /* PBXContainerItemProxy */ = {
			isa = PBXContainerItemProxy;
			containerPortal = A8EB3FCBE7A41287D20D781F /* text_to_speech_streamelements.xcodeproj */;
			proxyType = 1;
			remoteGlobalIDString = 8F277071847649B8949B0FBB;
			remoteInfo = text_to_speech_streamelements;
		};
		566248CD91D1D81934903394 /* PBXContainerItemProxy */ = {
			isa = PBXContainerItemProxy;
			containerPortal = E094C09EBF246ECEF52B7453 /* audio.xcodeproj */;
			proxyType = 2;
			remoteGlobalIDString = BA5EA23D3243906745226C8B;
			remoteInfo = audio;
		};
		C950F113318AF401C7813DFE /* PBXContainerItemProxy */ = {
			isa = PBXContainerItemProxy;
			containerPortal = E094C09EBF246ECEF52B7453 /* audio.xcodeproj */;
			proxyType = 2;
			remoteGlobalIDString = 91B1EADEAD32F0BAF06CF68C;
			remoteInfo = ios_audio;
		};
		C243A36CA3856F6E6F76CC35 /* PBXContainerItemProxy */ = {
			isa = PBXContainerItemProxy;
			containerPortal = E094C09EBF246ECEF52B7453 /* audio.xcodeproj */;
			proxyType = 2;
			remoteGlobalIDString = 8C72EDC8F081ED050157B8FF;
			remoteInfo = static_audio;
		};
		CB6845F81CDAA059BA51A226 /* PBXContainerItemProxy */ = {
			isa = PBXContainerItemProxy;
			containerPortal = 941DE189EC59AAC6798D2E48 /* core.xcodeproj */;
			proxyType = 2;
			remoteGlobalIDString = 28AB0460062C6EE2D482F050;
			remoteInfo = core;
		};
		8239D1EDB6F7743366142FC4 /* PBXContainerItemProxy */ = {
			isa = PBXContainerItemProxy;
			containerPortal = 941DE189EC59AAC6798D2E48 /* core.xcodeproj */;
			proxyType = 2;
			remoteGlobalIDString = 04F7D1AEFAAFB5933D00D1B6;
			remoteInfo = ios_core;
		};
		3FFCC2E60EB2C22DE600DBC3 /* PBXContainerItemProxy */ = {
			isa = PBXContainerItemProxy;
			containerPortal = 941DE189EC59AAC6798D2E48 /* core.xcodeproj */;
			proxyType = 1;
			remoteGlobalIDString = B73974F057CE539303CCAFEA;
			remoteInfo = ios_core;
		};
		F77C8991B0756E6FAB8ABB14 /* PBXContainerItemProxy */ = {
			isa = PBXContainerItemProxy;
			containerPortal = E094C09EBF246ECEF52B7453 /* audio.xcodeproj */;
			proxyType = 1;
			remoteGlobalIDString = 724C1B06B6A901353A7ADBC0;
			remoteInfo = ios_audio;
		};
/* End PBXContainerItemProxy section */

/* Begin PBXFileReference section */
		C0A926F4ADC83E6CB4032723 /* text_to_speech_azure.xcodeproj */ = {isa = PBXFileReference; lastKnownFileType = "wrapper.pb-project"; name = text_to_speech_azure.xcodeproj; path = "../../audio-text_to_speech/text_to_speech_azure/text_to_speech_azure.xcodeproj"; sourceTree = SOURCE_ROOT; };
		939FB255A476C328BAC66860 /* text_to_speech_google.xcodeproj */ = {isa = PBXFileReference; lastKnownFileType = "wrapper.pb-project"; name = text_to_speech_google.xcodeproj; path = "../../audio-text_to_speech/text_to_speech_google/text_to_speech_google.xcodeproj"; sourceTree = SOURCE_ROOT; };
		A8EB3FCBE7A41287D20D781F /* text_to_speech_streamelements.xcodeproj */ = {isa = PBXFileReference; lastKnownFileType = "wrapper.pb-project"; name = text_to_speech_streamelements.xcodeproj; path = "../../audio-text_to_speech/text_to_speech_streamelements/text_to_speech_streamelements.xcodeproj"; sourceTree = SOURCE_ROOT; };
		225FE482270C2EE4C983ED1F /* libacme.dylib */ = {isa = PBXFileReference; explicitFileType = "compiled.mach-o.dylib"; path = libacme.dylib; sourceTree = BUILT_PRODUCTS_DIR; };
		514A6B7996AAFB717D6BCE53 /* libapex.dylib */ = {isa = PBXFileReference; explicitFileType = "compiled.mach-o.dylib"; path = libapex.dylib; sourceTree = BUILT_PRODUCTS_DIR; };
		8061C55A3E38CA91A0B838E8 /* libaqua.dylib */ = {isa = PBXFileReference; explicitFileType = "compiled.mach-o.dylib"; path = libaqua.dylib; sourceTree = BUILT_PRODUCTS_DIR; };
		DBD058BD3C9046CD54BBD957 /* libaura.dylib */ = {isa = PBXFileReference; explicitFileType = "compiled.mach-o.dylib"; path = libaura.dylib; sourceTree = BUILT_PRODUCTS_DIR; };
		31325CAF967BBC1E400F6C73 /* _____debug.xcconfig */ = {isa = PBXFileReference; fileEncoding = 4; lastKnownFileType = text.xcconfig; path = "_____debug.xcconfig"; sourceTree = "<group>"; };
		C1EC89D3B81DD788BBE7110D /* _____release.xcconfig */ = {isa = PBXFileReference; fileEncoding = 4; lastKnownFileType = text.xcconfig; path = "_____release.xcconfig"; sourceTree = "<group>"; };
		4BE593AA08F56018431BA474 /* libuser_text_to_speech.dylib */ = {isa = PBXFileReference; explicitFileType = "compiled.mach-o.dylib"; includeInIndex = 0; path = libuser_text_to_speech.dylib; sourceTree = BUILT_PRODUCTS_DIR; };
		32A66B1A50B7528B8E1F2564 /* aaa__library.h */ = {isa = PBXFileReference; fileEncoding = 4; lastKnownFileType = sourcecode.c.h; path = aaa__library.h; sourceTree = "<group>"; };
		92E002060E2FFE453EAE50F4 /* _user_text_to_speech.h */ = {isa = PBXFileReference; fileEncoding = 4; lastKnownFileType = sourcecode.c.h; path = _user_text_to_speech.h; sourceTree = "<group>"; };
		9DE66BEA07877E66541EC65C /* platform.cpp */ = {isa = PBXFileReference; fileEncoding = 4; lastKnownFileType = sourcecode.cpp.cpp; path = platform.cpp; sourceTree = "<group>"; };
		11EDB80294420D1A7FC12F3A /* _.cpp */ = {isa = PBXFileReference; fileEncoding = 4; lastKnownFileType = sourcecode.cpp.cpp; path = _.cpp; sourceTree = "<group>"; };
		5834C023BDCA90B5712D0C65 /* resource.h */ = {isa = PBXFileReference; fileEncoding = 4; lastKnownFileType = sourcecode.c.h; path = resource.h; sourceTree = "<group>"; };
		77642320110DE2E2B4372989 /* platform.h */ = {isa = PBXFileReference; fileEncoding = 4; lastKnownFileType = sourcecode.c.h; path = platform.h; sourceTree = "<group>"; };
		67EE002585E2AAA66E1C5492 /* form_handler.h */ = {isa = PBXFileReference; fileEncoding = 4; lastKnownFileType = sourcecode.c.h; path = form_handler.h; sourceTree = "<group>"; };
		ED5296C535529AF74D3EB916 /* form_handler.cpp */ = {isa = PBXFileReference; fileEncoding = 4; lastKnownFileType = sourcecode.cpp.cpp; path = form_handler.cpp; sourceTree = "<group>"; };
		A837B09A272047D5A12EB4A0 /* _factory.cpp */ = {isa = PBXFileReference; fileEncoding = 4; lastKnownFileType = sourcecode.cpp.cpp; path = _factory.cpp; sourceTree = "<group>"; };
		F1B7E26BD80B3FAF1D3986B5 /* _.h */ = {isa = PBXFileReference; fileEncoding = 4; lastKnownFileType = sourcecode.c.h; path = _.h; sourceTree = "<group>"; };
		182A55A433FBFE3B74BBDDD6 /* libios_user_text_to_speech.a */ = {isa = PBXFileReference; explicitFileType = "compiled.mach-o.dylib"; includeInIndex = 0; path = libios_user_text_to_speech.a; sourceTree = BUILT_PRODUCTS_DIR; };
		941DE189EC59AAC6798D2E48 /* core.xcodeproj */ = {isa = PBXFileReference; lastKnownFileType = "wrapper.pb-project"; name = core.xcodeproj; path = ../../app/core/core.xcodeproj; sourceTree = SOURCE_ROOT; };
		E094C09EBF246ECEF52B7453 /* audio.xcodeproj */ = {isa = PBXFileReference; lastKnownFileType = "wrapper.pb-project"; name = audio.xcodeproj; path = ../../audio/audio/audio.xcodeproj; sourceTree = SOURCE_ROOT; };
		56A6B1D08A042E49534792A9 /* libaxis.dylib */ = {isa = PBXFileReference; explicitFileType = "compiled.mach-o.dylib"; path = libaxis.dylib; sourceTree = BUILT_PRODUCTS_DIR; };
		1E069DB3643D53ED97EFD340 /* libberg.dylib */ = {isa = PBXFileReference; explicitFileType = "compiled.mach-o.dylib"; path = libberg.dylib; sourceTree = BUILT_PRODUCTS_DIR; };
		FC72C39E6C7D17BF1087CEC0 /* libbred.dylib */ = {isa = PBXFileReference; explicitFileType = "compiled.mach-o.dylib"; path = libbred.dylib; sourceTree = BUILT_PRODUCTS_DIR; };
/* End PBXFileReference section */

/* Begin PBXFrameworksBuildPhase section */
		C17F9F03A794F9C4FE81AABD /* Frameworks */ = {
			isa = PBXFrameworksBuildPhase;
			buildActionMask = 2147483647;
			files = (
				BC8F257DCD3B84D0905F1A60 /* libcore.dylib in Frameworks */,
				6D16330E3B847F9174A1DD11 /* libbred.dylib in Frameworks */,
				C323DBEDE39360B25E43AD3A /* libberg.dylib in Frameworks */,
				7826C54A3CA19D001B9CDDD9 /* libaxis.dylib in Frameworks */,
				79ABC950337F99278BEB8350 /* libacme.dylib in Frameworks */,
				8496FE00EA7D40C446F9B20E /* libapex.dylib in Frameworks */,
				5C96884DC3FEC8BA2482B87F /* libaqua.dylib in Frameworks */,
				9091C58F75E7048503B571DF /* libaura.dylib in Frameworks */,
			);
			runOnlyForDeploymentPostprocessing = 0;
		};
/* End PBXFrameworksBuildPhase section */

/* Begin PBXGroup section */
		9CCD617971C116D125931D61 /* Frameworks */ = {
			isa = PBXGroup;
			children = (
				FC72C39E6C7D17BF1087CEC0 /* libbred.dylib */,
				1E069DB3643D53ED97EFD340 /* libberg.dylib */,
				56A6B1D08A042E49534792A9 /* libaxis.dylib */,
				225FE482270C2EE4C983ED1F /* libacme.dylib */,
				514A6B7996AAFB717D6BCE53 /* libapex.dylib */,
				8061C55A3E38CA91A0B838E8 /* libaqua.dylib */,
				DBD058BD3C9046CD54BBD957 /* libaura.dylib */,
			);
			name = Frameworks;
			sourceTree = "<group>";
		};
		CDD7465699637B28694BCD1F /* Products */ = {
			isa = PBXGroup;
			children = (
				EDF60384AE0AF1232F6358ED /* libtext_to_speech_azure.dylib */,
				365883A3AA28A7BB4F5F44B9 /* libios_text_to_speech_azure.a */,
			);
			name = Products;
			sourceTree = "<group>";
		};
		41C9E816A6D391FFD22376EF /* Products */ = {
			isa = PBXGroup;
			children = (
				4A426B32936787EAB36ED880 /* libtext_to_speech_streamelements.dylib */,
				DFDF98ADFB967354DB42E63D /* libios_text_to_speech_streamelements.a */,
			);
			name = Products;
			sourceTree = "<group>";
		};
		5E79082B57E9C19FBADC7D5A /* Products */ = {
			isa = PBXGroup;
			children = (
				ED88BC47D6FBBFAE641D4448 /* libtext_to_speech_google.dylib */,
				E54D0BFBA67C5AB49E12D72C /* libios_text_to_speech_google.a */,
			);
			name = Products;
			sourceTree = "<group>";
		};
		B088061D86455E8CE9F2EDCA /* Products */ = {
			isa = PBXGroup;
			children = (
				A0EAD2D216414A6F12D9E8DE /* libaudio.dylib */,
				75C7B698724BEB5BD3D9BC5D /* libios_audio.a */,
				9A2B00E6FC99DBC64A766EA1 /* libstatic_audio.a */,
			);
			name = Products;
			sourceTree = "<group>";
		};
		91EF656D16014E8615A60EF3 = {
			isa = PBXGroup;
			children = (
				E094C09EBF246ECEF52B7453 /* audio.xcodeproj */,
				941DE189EC59AAC6798D2E48 /* core.xcodeproj */,
				C0A926F4ADC83E6CB4032723 /* text_to_speech_azure.xcodeproj */,
				939FB255A476C328BAC66860 /* text_to_speech_google.xcodeproj */,
				A8EB3FCBE7A41287D20D781F /* text_to_speech_streamelements.xcodeproj */,
				13075DFBC7BB65350D653608 /* user_text_to_speech */,
				A0A981BEB302120F1B44F428 /* Products */,
				9CCD617971C116D125931D61 /* Frameworks */,
			);
			sourceTree = "<group>";
		};
		A0A981BEB302120F1B44F428 /* Products */ = {
			isa = PBXGroup;
			children = (
				4BE593AA08F56018431BA474 /* libuser_text_to_speech.dylib */,
				182A55A433FBFE3B74BBDDD6 /* libios_user_text_to_speech.a */,
			);
			name = Products;
			sourceTree = "<group>";
		};
		13075DFBC7BB65350D653608 /* user_text_to_speech */ = {
			isa = PBXGroup;
			children = (
				31325CAF967BBC1E400F6C73 /* _____debug.xcconfig */,
				C1EC89D3B81DD788BBE7110D /* _____release.xcconfig */,
				11EDB80294420D1A7FC12F3A /* _.cpp */,
				A837B09A272047D5A12EB4A0 /* _factory.cpp */,
				9DE66BEA07877E66541EC65C /* platform.cpp */,
				ED5296C535529AF74D3EB916 /* form_handler.cpp */,
				F1B7E26BD80B3FAF1D3986B5 /* _.h */,
				92E002060E2FFE453EAE50F4 /* _user_text_to_speech.h */,
				32A66B1A50B7528B8E1F2564 /* aaa__library.h */,
				77642320110DE2E2B4372989 /* platform.h */,
				67EE002585E2AAA66E1C5492 /* form_handler.h */,
				5834C023BDCA90B5712D0C65 /* resource.h */,
			);
			name = user_text_to_speech;
			sourceTree = "<group>";
		};
		DEA10120A189AF70D164B3E6 /* Products */ = {
			isa = PBXGroup;
			children = (
				F8BC363ECF87416ABF1377D6 /* libcore.dylib */,
				7D1B52BB8BD5D363CB0D93E7 /* libios_core.a */,
			);
			name = Products;
			sourceTree = "<group>";
		};
/* End PBXGroup section */

/* Begin PBXHeadersBuildPhase section */
		ACECA76F6E01F495BA2B74E7 /* Headers */ = {
			isa = PBXHeadersBuildPhase;
			buildActionMask = 2147483647;
			files = (
				500D5D6331EF1BDC9BF2EA9E /* _.h in Headers */,
				AAB8670CEBCCE06CDFD80B1E /* resource.h in Headers */,
				AD3CE290111DEC235531472E /* aaa__library.h in Headers */,
				A4A94B1A236BF80BB531F199 /* form_handler.h in Headers */,
				62B4757EC19A891C9C0FC6B5 /* _user_text_to_speech.h in Headers */,
				9E3130516F61036A4DA2DDF1 /* platform.h in Headers */,
			);
			runOnlyForDeploymentPostprocessing = 0;
		};
		CD3D242C1F6FCB67E0647763 /* Headers */ = {
			isa = PBXHeadersBuildPhase;
			buildActionMask = 2147483647;
			files = (
				5524CAB4DFE108C165110295 /* _.h in Headers */,
				F7C7FD25CB1BF9025C2A69B6 /* resource.h in Headers */,
				61E5DF559959923891B51688 /* aaa__library.h in Headers */,
				4B52A52AEE359662564E8973 /* form_handler.h in Headers */,
				864DE6B056CEB1F309F7CDA7 /* _user_text_to_speech.h in Headers */,
				3B6538DA968AC5E564610772 /* platform.h in Headers */,
			);
			runOnlyForDeploymentPostprocessing = 0;
		};
/* End PBXHeadersBuildPhase section */

/* Begin PBXNativeTarget section */
		69ED66E85FA297F8F79B2E23 /* user_text_to_speech */ = {
			isa = PBXNativeTarget;
			buildConfigurationList = B2C967801564725557B32F37 /* Build configuration list for PBXNativeTarget "user_text_to_speech" */;
			buildPhases = (
				ACECA76F6E01F495BA2B74E7 /* Headers */,
				A87C1F8367C45DA364DC559B /* Sources */,
				C17F9F03A794F9C4FE81AABD /* Frameworks */,
				E251FDA31F01B48631701E53 /* ShellScript */,
			);
			buildRules = (
			);
			dependencies = (
				4B654FBFC55B843FFA3688F0 /* PBXTargetDependency */,
				6D31BB73070D40D0ACBEDF3D /* PBXTargetDependency */,
				6F7580A46805345087A7C8C5 /* PBXTargetDependency */,
				EADD3958CC11C24C2F54D9C2 /* PBXTargetDependency */,
				04362046F7D607543B2A7A52 /* PBXTargetDependency */,
			);
			name = user_text_to_speech;
			productName = user_text_to_speech;
			productReference = 4BE593AA08F56018431BA474 /* libuser_text_to_speech.dylib */;
			productType = "com.apple.product-type.library.dynamic";
		};
		0B162455E74D51FD5531B13B /* ios_user_text_to_speech */ = {
			isa = PBXNativeTarget;
			buildConfigurationList = 0DAD76A540AC3711E3F08ADD /* Build configuration list for PBXNativeTarget "ios_user_text_to_speech" */;
			buildPhases = (
				CD3D242C1F6FCB67E0647763 /* Headers */,
				AA388E1848B2468099EAD598 /* Sources */,
			);
			buildRules = (
			);
			dependencies = (
				0AF5D8F50A59E08DE5DB4E90 /* PBXTargetDependency */,
				3D2A767422BF2F0200D5C65D /* PBXTargetDependency */,
				1E8233B993B7AFE7C687C55D /* PBXTargetDependency */,
				7E92AAF529D74DB5A55B8EDF /* PBXTargetDependency */,
				AB63606F29D0B54E3D0A7C05 /* PBXTargetDependency */,
			);
			name = ios_user_text_to_speech;
			productName = user_text_to_speech;
			productReference = 182A55A433FBFE3B74BBDDD6 /* libios_user_text_to_speech.a */;
			productType = "com.apple.product-type.library.dynamic";
		};
/* End PBXNativeTarget section */

/* Begin PBXProject section */
		23692FC22CD3206B0497EC54 /* Project object */ = {
			isa = PBXProject;
			attributes = {
				BuildIndependentTargetsInParallel = 1;
				LastUpgradeCheck = 1540;
				ORGANIZATIONNAME = "ca2 Software Development";
				TargetAttributes = {
					69ED66E85FA297F8F79B2E23 = {
						CreatedOnToolsVersion = 14.0.1;
					};
				};
			};
			buildConfigurationList = 8979FD193145CD9EC4F7302C /* Build configuration list for PBXProject "user_text_to_speech" */;
			compatibilityVersion = "Xcode 12.0";
			developmentRegion = en;
			hasScannedForEncodings = 0;
			knownRegions = (
				en,
				Base,
			);
			mainGroup = 91EF656D16014E8615A60EF3;
			productRefGroup = A0A981BEB302120F1B44F428 /* Products */;
			projectDirPath = "";
			projectReferences = (
				{
					ProductGroup = B088061D86455E8CE9F2EDCA /* Products */;
					ProjectRef = E094C09EBF246ECEF52B7453 /* audio.xcodeproj */;
				},
				{
					ProductGroup = DEA10120A189AF70D164B3E6 /* Products */;
					ProjectRef = 941DE189EC59AAC6798D2E48 /* core.xcodeproj */;
				},
				{
					ProductGroup = CDD7465699637B28694BCD1F /* Products */;
					ProjectRef = C0A926F4ADC83E6CB4032723 /* text_to_speech_azure.xcodeproj */;
				},
				{
					ProductGroup = 5E79082B57E9C19FBADC7D5A /* Products */;
					ProjectRef = 939FB255A476C328BAC66860 /* text_to_speech_google.xcodeproj */;
				},
				{
					ProductGroup = 41C9E816A6D391FFD22376EF /* Products */;
					ProjectRef = A8EB3FCBE7A41287D20D781F /* text_to_speech_streamelements.xcodeproj */;
				},
			);
			projectRoot = "";
			targets = (
				69ED66E85FA297F8F79B2E23 /* user_text_to_speech */,
				0B162455E74D51FD5531B13B /* ios_user_text_to_speech */,
			);
		};
/* End PBXProject section */

/* Begin PBXReferenceProxy section */
		365883A3AA28A7BB4F5F44B9 /* libios_text_to_speech_azure.a */ = {
			isa = PBXReferenceProxy;
			fileType = "compiled.mach-o.dylib";
			path = libios_text_to_speech_azure.a;
			remoteRef = D94B643D773ADC9A31E94CC0 /* PBXContainerItemProxy */;
			sourceTree = BUILT_PRODUCTS_DIR;
		};
		E54D0BFBA67C5AB49E12D72C /* libios_text_to_speech_google.a */ = {
			isa = PBXReferenceProxy;
			fileType = "compiled.mach-o.dylib";
			path = libios_text_to_speech_google.a;
			remoteRef = DF4B9B83231FF0C4F508AB26 /* PBXContainerItemProxy */;
			sourceTree = BUILT_PRODUCTS_DIR;
		};
		DFDF98ADFB967354DB42E63D /* libios_text_to_speech_streamelements.a */ = {
			isa = PBXReferenceProxy;
			fileType = "compiled.mach-o.dylib";
			path = libios_text_to_speech_streamelements.a;
			remoteRef = AB2DFDE65D559BF163B5AAD7 /* PBXContainerItemProxy */;
			sourceTree = BUILT_PRODUCTS_DIR;
		};
		EDF60384AE0AF1232F6358ED /* libtext_to_speech_azure.dylib */ = {
			isa = PBXReferenceProxy;
			fileType = "compiled.mach-o.dylib";
			path = libtext_to_speech_azure.dylib;
			remoteRef = E479D24FF7DA22174FC45AF0 /* PBXContainerItemProxy */;
			sourceTree = BUILT_PRODUCTS_DIR;
		};
		4A426B32936787EAB36ED880 /* libtext_to_speech_streamelements.dylib */ = {
			isa = PBXReferenceProxy;
			fileType = "compiled.mach-o.dylib";
			path = libtext_to_speech_streamelements.dylib;
			remoteRef = 8CA808D0CC43DEEBA6BA7714 /* PBXContainerItemProxy */;
			sourceTree = BUILT_PRODUCTS_DIR;
		};
		ED88BC47D6FBBFAE641D4448 /* libtext_to_speech_google.dylib */ = {
			isa = PBXReferenceProxy;
			fileType = "compiled.mach-o.dylib";
			path = libtext_to_speech_google.dylib;
			remoteRef = C3EBCA57F66E86816CBF97FB /* PBXContainerItemProxy */;
			sourceTree = BUILT_PRODUCTS_DIR;
		};
		A0EAD2D216414A6F12D9E8DE /* libaudio.dylib */ = {
			isa = PBXReferenceProxy;
			fileType = "compiled.mach-o.dylib";
			path = libaudio.dylib;
			remoteRef = 566248CD91D1D81934903394 /* PBXContainerItemProxy */;
			sourceTree = BUILT_PRODUCTS_DIR;
		};
		75C7B698724BEB5BD3D9BC5D /* libios_audio.a */ = {
			isa = PBXReferenceProxy;
			fileType = "compiled.mach-o.dylib";
			path = libios_audio.a;
			remoteRef = C950F113318AF401C7813DFE /* PBXContainerItemProxy */;
			sourceTree = BUILT_PRODUCTS_DIR;
		};
		9A2B00E6FC99DBC64A766EA1 /* libstatic_audio.a */ = {
			isa = PBXReferenceProxy;
			fileType = "compiled.mach-o.dylib";
			path = libstatic_audio.a;
			remoteRef = C243A36CA3856F6E6F76CC35 /* PBXContainerItemProxy */;
			sourceTree = BUILT_PRODUCTS_DIR;
		};
		F8BC363ECF87416ABF1377D6 /* libcore.dylib */ = {
			isa = PBXReferenceProxy;
			fileType = "compiled.mach-o.dylib";
			path = libcore.dylib;
			remoteRef = CB6845F81CDAA059BA51A226 /* PBXContainerItemProxy */;
			sourceTree = BUILT_PRODUCTS_DIR;
		};
		7D1B52BB8BD5D363CB0D93E7 /* libios_core.a */ = {
			isa = PBXReferenceProxy;
			fileType = "compiled.mach-o.dylib";
			path = libios_core.a;
			remoteRef = 8239D1EDB6F7743366142FC4 /* PBXContainerItemProxy */;
			sourceTree = BUILT_PRODUCTS_DIR;
		};
/* End PBXReferenceProxy section */

/* Begin PBXShellScriptBuildPhase section */
		E251FDA31F01B48631701E53 /* ShellScript */ = {
			isa = PBXShellScriptBuildPhase;
			buildActionMask = 2147483647;
			files = (
			);
			inputFileListPaths = (
			);
			inputPaths = (
				"$(BUILT_PRODUCTS_DIR)/$(EXECUTABLE_NAME)",
				"$(WorkspaceDir)/output_copy.txt",
			);
			outputFileListPaths = (
			);
			outputPaths = (
				"$(WorkspaceDir)/time-$(PLATFORM_MODIFIER)/output-$(CONFIIGURATION)/$(EXECUTABLE_NAME)",
			);
			runOnlyForDeploymentPostprocessing = 0;
			shellPath = /bin/sh;
			shellScript = ". ${WorkspaceDir}/../operating_system/tool/bin/_on_after_build_dylib\n";
		};
/* End PBXShellScriptBuildPhase section */

/* Begin PBXSourcesBuildPhase section */
		A87C1F8367C45DA364DC559B /* Sources */ = {
			isa = PBXSourcesBuildPhase;
			buildActionMask = 2147483647;
			files = (
				F62611467BECBBBD2F9085C3 /* _factory.cpp in Sources */,
				06F747674CA15193DC5C8D8C /* _.cpp in Sources */,
				433186B3D3B3F3E9F0DBA136 /* form_handler.cpp in Sources */,
				BF73639064AD1F341C11C09B /* platform.cpp in Sources */,
			);
			runOnlyForDeploymentPostprocessing = 0;
		};
		AA388E1848B2468099EAD598 /* Sources */ = {
			isa = PBXSourcesBuildPhase;
			buildActionMask = 2147483647;
			files = (
				F7AACCA9513CEE36C04EBB60 /* _factory.cpp in Sources */,
				2A7246AC507A6ADD777B281D /* _.cpp in Sources */,
				64B692E5067F5C79454CA9E3 /* form_handler.cpp in Sources */,
				7602643360C587E9443ED594 /* platform.cpp in Sources */,
			);
			runOnlyForDeploymentPostprocessing = 0;
		};
/* End PBXSourcesBuildPhase section */

/* Begin PBXTargetDependency section */
		0AF5D8F50A59E08DE5DB4E90 /* PBXTargetDependency */ = {
			isa = PBXTargetDependency;
			name = ios_text_to_speech_azure;
			targetProxy = 2276B3D91EB6485B962E514C /* PBXContainerItemProxy */;
		};
		3D2A767422BF2F0200D5C65D /* PBXTargetDependency */ = {
			isa = PBXTargetDependency;
			name = ios_text_to_speech_google;
			targetProxy = 48C87F894E306A5184EAD41A /* PBXContainerItemProxy */;
		};
		1E8233B993B7AFE7C687C55D /* PBXTargetDependency */ = {
			isa = PBXTargetDependency;
			name = ios_text_to_speech_streamelements;
			targetProxy = BE59907E4CED789174B8073F /* PBXContainerItemProxy */;
		};
		04362046F7D607543B2A7A52 /* PBXTargetDependency */ = {
			isa = PBXTargetDependency;
			name = core;
			targetProxy = C78F0F58351D4CEE5118F962 /* PBXContainerItemProxy */;
		};
		EADD3958CC11C24C2F54D9C2 /* PBXTargetDependency */ = {
			isa = PBXTargetDependency;
			name = audio;
			targetProxy = C355083C6A3868DCC2F11203 /* PBXContainerItemProxy */;
		};
		4B654FBFC55B843FFA3688F0 /* PBXTargetDependency */ = {
			isa = PBXTargetDependency;
			name = text_to_speech_azure;
			targetProxy = 8126566304BAF8B8408DE88C /* PBXContainerItemProxy */;
		};
		6D31BB73070D40D0ACBEDF3D /* PBXTargetDependency */ = {
			isa = PBXTargetDependency;
			name = text_to_speech_google;
			targetProxy = 3EE46E948CDB9DA70B7A7218 /* PBXContainerItemProxy */;
		};
		6F7580A46805345087A7C8C5 /* PBXTargetDependency */ = {
			isa = PBXTargetDependency;
			name = text_to_speech_streamelements;
			targetProxy = 527C880DD4F27F0BD81DF282 /* PBXContainerItemProxy */;
		};
		AB63606F29D0B54E3D0A7C05 /* PBXTargetDependency */ = {
			isa = PBXTargetDependency;
			name = ios_core;
			targetProxy = 3FFCC2E60EB2C22DE600DBC3 /* PBXContainerItemProxy */;
		};
		7E92AAF529D74DB5A55B8EDF /* PBXTargetDependency */ = {
			isa = PBXTargetDependency;
			name = ios_audio;
			targetProxy = F77C8991B0756E6FAB8ABB14 /* PBXContainerItemProxy */;
		};
/* End PBXTargetDependency section */

/* Begin XCBuildConfiguration section */
		12629259C8C10E766CF4E752 /* Debug */ = {
			isa = XCBuildConfiguration;
			baseConfigurationReference = 31325CAF967BBC1E400F6C73 /* _____debug.xcconfig */;
			buildSettings = {
				ALWAYS_SEARCH_USER_PATHS = NO;
				CLANG_ANALYZER_NONNULL = YES;
				CLANG_ANALYZER_NUMBER_OBJECT_CONVERSION = YES_AGGRESSIVE;
				CLANG_CXX_LANGUAGE_STANDARD = "c++20";
				CLANG_ENABLE_MODULES = YES;
				CLANG_ENABLE_OBJC_ARC = YES;
				CLANG_ENABLE_OBJC_WEAK = YES;
				CLANG_WARN_BLOCK_CAPTURE_AUTORELEASING = YES;
				CLANG_WARN_BOOL_CONVERSION = YES;
				CLANG_WARN_COMMA = YES;
				CLANG_WARN_CONSTANT_CONVERSION = YES;
				CLANG_WARN_DEPRECATED_OBJC_IMPLEMENTATIONS = YES;
				CLANG_WARN_DIRECT_OBJC_ISA_USAGE = YES_ERROR;
				CLANG_WARN_DOCUMENTATION_COMMENTS = YES;
				CLANG_WARN_EMPTY_BODY = YES;
				CLANG_WARN_ENUM_CONVERSION = YES;
				CLANG_WARN_INFINITE_RECURSION = YES;
				CLANG_WARN_INT_CONVERSION = YES;
				CLANG_WARN_NON_LITERAL_NULL_CONVERSION = YES;
				CLANG_WARN_OBJC_IMPLICIT_RETAIN_SELF = YES;
				CLANG_WARN_OBJC_LITERAL_CONVERSION = YES;
				CLANG_WARN_OBJC_ROOT_CLASS = YES_ERROR;
				CLANG_WARN_QUOTED_INCLUDE_IN_FRAMEWORK_HEADER = YES;
				CLANG_WARN_RANGE_LOOP_ANALYSIS = YES;
				CLANG_WARN_STRICT_PROTOTYPES = YES;
				CLANG_WARN_SUSPICIOUS_MOVE = YES;
				CLANG_WARN_UNGUARDED_AVAILABILITY = YES_AGGRESSIVE;
				CLANG_WARN_UNREACHABLE_CODE = YES;
				CLANG_WARN__DUPLICATE_METHOD_MATCH = YES;
				COPY_PHASE_STRIP = NO;
				DEBUG_INFORMATION_FORMAT = dwarf;
				ENABLE_STRICT_OBJC_MSGSEND = YES;
				ENABLE_TESTABILITY = YES;
				ENABLE_USER_SCRIPT_SANDBOXING = YES;
				EXECUTABLE_PREFIX = lib;
				GCC_C_LANGUAGE_STANDARD = c11;
				GCC_DYNAMIC_NO_PIC = NO;
				GCC_NO_COMMON_BLOCKS = YES;
				GCC_OPTIMIZATION_LEVEL = 0;
				GCC_PREPROCESSOR_DEFINITIONS = (
					"DEBUG=1",
					"$(inherited)",
				);
				GCC_WARN_64_TO_32_BIT_CONVERSION = YES;
				GCC_WARN_ABOUT_RETURN_TYPE = YES_ERROR;
				GCC_WARN_UNDECLARED_SELECTOR = YES;
				GCC_WARN_UNINITIALIZED_AUTOS = YES_AGGRESSIVE;
				GCC_WARN_UNUSED_FUNCTION = YES;
				GCC_WARN_UNUSED_VARIABLE = YES;
				HEADER_SEARCH_PATHS = "";
				LD_RUNPATH_SEARCH_PATHS = "@executable_path @loader_path";
				LIBRARY_SEARCH_PATHS = (
					"$(inherited)",
					"$(WorkspaceDir)/../operating_system/storage-$(PLATFORM_MODIFIER)/$(CONFIGURATION)/library",
				);
				ONLY_ACTIVE_ARCH = YES;
				PRODUCT_NAME = "$(TARGET_NAME)";
				SDKROOT = macosx;
				SKIP_INSTALL = YES;
				SYSTEM_HEADER_SEARCH_PATHS = (
					"$(WorkspaceDir)/operating_system/operating_system-$(PLATFORM_MODIFIER)/include",
					"$(WorkspaceDir)/operating_system/operating_system-$(PLATFORM_MODIFIER)/configuration",
					"$(WorkspaceDir)/port/include",
					"$(WorkspaceDir)/source/app/include",
				);
				USER_HEADER_SEARCH_PATHS = (
					.,
					"$(WorkspaceDir)/source",
					"$(WorkspaceDir)/source/app",
					"$(WorkspaceDir)/source/app/_include",
					"$(WorkspaceDir)/operating_system",
					"$(WorkspaceDir)/operating_system/operating_system-$(PLATFORM_MODIFIER)",
					"$(WorkspaceDir)/operating_system/operating_system-$(PLATFORM_MODIFIER)/configuration_selection/$(CONFIGURATION)",
					"$(WorkspaceDir)/port/_",
					"$(PROJECT_DIR)",
					"$(PROJECT_DIR)/..",
					"$(PROJECT_DIR)/../..",
					"$(HOME)/sensitive/sensitive/include",
				);
				USE_HEADERMAP = NO;
				WorkspaceDir = "$(SRCROOT)/../../..";
			};
			name = Debug;
		};
		41F6BE2102A1CBDD1875D885 /* Release */ = {
			isa = XCBuildConfiguration;
			baseConfigurationReference = C1EC89D3B81DD788BBE7110D /* _____release.xcconfig */;
			buildSettings = {
				ALWAYS_SEARCH_USER_PATHS = NO;
				CLANG_ANALYZER_NONNULL = YES;
				CLANG_ANALYZER_NUMBER_OBJECT_CONVERSION = YES_AGGRESSIVE;
				CLANG_CXX_LANGUAGE_STANDARD = "c++20";
				CLANG_ENABLE_MODULES = YES;
				CLANG_ENABLE_OBJC_ARC = YES;
				CLANG_ENABLE_OBJC_WEAK = YES;
				CLANG_WARN_BLOCK_CAPTURE_AUTORELEASING = YES;
				CLANG_WARN_BOOL_CONVERSION = YES;
				CLANG_WARN_COMMA = YES;
				CLANG_WARN_CONSTANT_CONVERSION = YES;
				CLANG_WARN_DEPRECATED_OBJC_IMPLEMENTATIONS = YES;
				CLANG_WARN_DIRECT_OBJC_ISA_USAGE = YES_ERROR;
				CLANG_WARN_DOCUMENTATION_COMMENTS = YES;
				CLANG_WARN_EMPTY_BODY = YES;
				CLANG_WARN_ENUM_CONVERSION = YES;
				CLANG_WARN_INFINITE_RECURSION = YES;
				CLANG_WARN_INT_CONVERSION = YES;
				CLANG_WARN_NON_LITERAL_NULL_CONVERSION = YES;
				CLANG_WARN_OBJC_IMPLICIT_RETAIN_SELF = YES;
				CLANG_WARN_OBJC_LITERAL_CONVERSION = YES;
				CLANG_WARN_OBJC_ROOT_CLASS = YES_ERROR;
				CLANG_WARN_QUOTED_INCLUDE_IN_FRAMEWORK_HEADER = YES;
				CLANG_WARN_RANGE_LOOP_ANALYSIS = YES;
				CLANG_WARN_STRICT_PROTOTYPES = YES;
				CLANG_WARN_SUSPICIOUS_MOVE = YES;
				CLANG_WARN_UNGUARDED_AVAILABILITY = YES_AGGRESSIVE;
				CLANG_WARN_UNREACHABLE_CODE = YES;
				CLANG_WARN__DUPLICATE_METHOD_MATCH = YES;
				COPY_PHASE_STRIP = NO;
				DEBUG_INFORMATION_FORMAT = "dwarf-with-dsym";
				ENABLE_NS_ASSERTIONS = NO;
				ENABLE_STRICT_OBJC_MSGSEND = YES;
				ENABLE_USER_SCRIPT_SANDBOXING = YES;
				EXECUTABLE_PREFIX = lib;
				GCC_C_LANGUAGE_STANDARD = c11;
				GCC_NO_COMMON_BLOCKS = YES;
				GCC_WARN_64_TO_32_BIT_CONVERSION = YES;
				GCC_WARN_ABOUT_RETURN_TYPE = YES_ERROR;
				GCC_WARN_UNDECLARED_SELECTOR = YES;
				GCC_WARN_UNINITIALIZED_AUTOS = YES_AGGRESSIVE;
				GCC_WARN_UNUSED_FUNCTION = YES;
				GCC_WARN_UNUSED_VARIABLE = YES;
				HEADER_SEARCH_PATHS = "";
				LD_RUNPATH_SEARCH_PATHS = "@executable_path @loader_path";
				LIBRARY_SEARCH_PATHS = (
					"$(inherited)",
					"$(WorkspaceDir)/../operating_system/storage-$(PLATFORM_MODIFIER)/$(CONFIGURATION)/library",
				);
				PRODUCT_NAME = "$(TARGET_NAME)";
				SDKROOT = macosx;
				SKIP_INSTALL = YES;
				SYSTEM_HEADER_SEARCH_PATHS = (
					"$(WorkspaceDir)/operating_system/operating_system-$(PLATFORM_MODIFIER)/include",
					"$(WorkspaceDir)/operating_system/operating_system-$(PLATFORM_MODIFIER)/configuration",
					"$(WorkspaceDir)/port/include",
					"$(WorkspaceDir)/source/app/include",
				);
				USER_HEADER_SEARCH_PATHS = (
					.,
					"$(WorkspaceDir)/source",
					"$(WorkspaceDir)/source/app",
					"$(WorkspaceDir)/source/app/_include",
					"$(WorkspaceDir)/operating_system",
					"$(WorkspaceDir)/operating_system/operating_system-$(PLATFORM_MODIFIER)",
					"$(WorkspaceDir)/operating_system/operating_system-$(PLATFORM_MODIFIER)/configuration_selection/$(CONFIGURATION)",
					"$(WorkspaceDir)/port/_",
					"$(PROJECT_DIR)",
					"$(PROJECT_DIR)/..",
					"$(PROJECT_DIR)/../..",
					"$(HOME)/sensitive/sensitive/include",
				);
				USE_HEADERMAP = NO;
				WorkspaceDir = "$(SRCROOT)/../../..";
			};
			name = Release;
		};
		297445FD4B019EE4E3950B5C /* Debug */ = {
			isa = XCBuildConfiguration;
			buildSettings = {
				ENABLE_HARDENED_RUNTIME = YES;
				EXECUTABLE_EXTENSION = dylib;
				MACH_O_TYPE = mh_dylib;
				PLATFORM_MODIFIER = macos;
				SDKROOT = macosx;
			};
			name = Debug;
		};
		6D9166CEAB6018DF2BD93B49 /* Release */ = {
			isa = XCBuildConfiguration;
			buildSettings = {
				ENABLE_HARDENED_RUNTIME = YES;
				EXECUTABLE_EXTENSION = dylib;
				MACH_O_TYPE = mh_dylib;
				PLATFORM_MODIFIER = macos;
				SDKROOT = macosx;
			};
			name = Release;
		};
		D650CA4A10F4F28B2C14096E /* Debug */ = {
			isa = XCBuildConfiguration;
			buildSettings = {
				CODE_SIGN_STYLE = Automatic;
				DYLIB_COMPATIBILITY_VERSION = 1;
				DYLIB_CURRENT_VERSION = 1;
				EXECUTABLE_EXTENSION = a;
				EXECUTABLE_PREFIX = lib;
				MACH_O_TYPE = staticlib;
				PLATFORM_MODIFIER = ios;
				PRODUCT_NAME = "$(TARGET_NAME)";
				SDKROOT = iphoneos;
				SKIP_INSTALL = YES;
			};
			name = Debug;
		};
		A0FB0006E9C501E5F26092EC /* Release */ = {
			isa = XCBuildConfiguration;
			buildSettings = {
				CODE_SIGN_STYLE = Automatic;
				DYLIB_COMPATIBILITY_VERSION = 1;
				DYLIB_CURRENT_VERSION = 1;
				EXECUTABLE_EXTENSION = a;
				EXECUTABLE_PREFIX = lib;
				MACH_O_TYPE = staticlib;
				PLATFORM_MODIFIER = ios;
				PRODUCT_NAME = "$(TARGET_NAME)";
				SDKROOT = iphoneos;
				SKIP_INSTALL = YES;
			};
			name = Release;
		};
/* End XCBuildConfiguration section */

/* Begin XCConfigurationList section */
		8979FD193145CD9EC4F7302C /* Build configuration list for PBXProject "user_text_to_speech" */ = {
			isa = XCConfigurationList;
			buildConfigurations = (
				12629259C8C10E766CF4E752 /* Debug */,
				41F6BE2102A1CBDD1875D885 /* Release */,
			);
			defaultConfigurationIsVisible = 0;
			defaultConfigurationName = Release;
		};
		B2C967801564725557B32F37 /* Build configuration list for PBXNativeTarget "user_text_to_speech" */ = {
			isa = XCConfigurationList;
			buildConfigurations = (
				297445FD4B019EE4E3950B5C /* Debug */,
				6D9166CEAB6018DF2BD93B49 /* Release */,
			);
			defaultConfigurationIsVisible = 0;
			defaultConfigurationName = Release;
		};
		0DAD76A540AC3711E3F08ADD /* Build configuration list for PBXNativeTarget "ios_user_text_to_speech" */ = {
			isa = XCConfigurationList;
			buildConfigurations = (
				D650CA4A10F4F28B2C14096E /* Debug */,
				A0FB0006E9C501E5F26092EC /* Release */,
			);
			defaultConfigurationIsVisible = 0;
			defaultConfigurationName = Release;
		};
/* End XCConfigurationList section */
	};
	rootObject = 23692FC22CD3206B0497EC54 /* Project object */;
}
