// !$*UTF8*$!
{
	archiveVersion = 1;
	classes = {
	};
	objectVersion = 77;
	objects = {

/* Begin PBXBuildFile section */
		9DC301636A465826251252F0 /* speaker.h in Headers */ = {isa = PBXBuildFile; fileRef = C3BF9A4976A3FCE78F8DE7CA /* speaker.h */; };
		690FF690217AE5B0ED1FE747 /* _.h in Headers */ = {isa = PBXBuildFile; fileRef = 024B5F863B451FB1CCF37E11 /* _.h */; };
		D4E0F199EB59BDFB6CF38DEE /* framework.h in Headers */ = {isa = PBXBuildFile; fileRef = 16B06F804FEE7A2AFA68B127 /* framework.h */; };
		A582685BAAB18838AD245384 /* aaa__library.h in Headers */ = {isa = PBXBuildFile; fileRef = 347146EBEC28F765886CC8F5 /* aaa__library.h */; };
		EF660BE9878D76F7D678F85F /* resource.h in Headers */ = {isa = PBXBuildFile; fileRef = 825048147096F7E16EB26B7E /* resource.h */; };
		4C0AD40C73F409A6496ADE28 /* _.cpp in Sources */ = {isa = PBXBuildFile; fileRef = 79C48720C07DA5172FD04C1C /* _.cpp */; };
		15EFF36D0727BB78F80AF85F /* framework.cpp in Sources */ = {isa = PBXBuildFile; fileRef = C91C97B0C4306DA0164960B7 /* framework.cpp */; };
		10CFFB09E26093E5924E6807 /* speaker.cpp in Sources */ = {isa = PBXBuildFile; fileRef = AA6504E45147EEF5FDBC5E58 /* speaker.cpp */; };
		74BF299B24514EFA2C935FF6 /* _factory.cpp in Sources */ = {isa = PBXBuildFile; fileRef = 510ECEAD072D61F690C79723 /* _factory.cpp */; };
		378275610386AAEF5FF3B1D4 /* speaker.h in Headers */ = {isa = PBXBuildFile; fileRef = C3BF9A4976A3FCE78F8DE7CA /* speaker.h */; };
		C4CC65539D405CF78707E9DC /* _.h in Headers */ = {isa = PBXBuildFile; fileRef = 024B5F863B451FB1CCF37E11 /* _.h */; };
		BE46D1EACE8CB3B0FF6F4E24 /* framework.h in Headers */ = {isa = PBXBuildFile; fileRef = 16B06F804FEE7A2AFA68B127 /* framework.h */; };
		03F5474E0B53427F4DFBDAD8 /* aaa__library.h in Headers */ = {isa = PBXBuildFile; fileRef = 347146EBEC28F765886CC8F5 /* aaa__library.h */; };
		03247865C9FDA9C59D300768 /* resource.h in Headers */ = {isa = PBXBuildFile; fileRef = 825048147096F7E16EB26B7E /* resource.h */; };
		4821DFAC636AB8A6520FBD8E /* _.cpp in Sources */ = {isa = PBXBuildFile; fileRef = 79C48720C07DA5172FD04C1C /* _.cpp */; };
		69BC33AE6575EEE143AF63F6 /* framework.cpp in Sources */ = {isa = PBXBuildFile; fileRef = C91C97B0C4306DA0164960B7 /* framework.cpp */; };
		1B8844CC39E24D4FA31E96DD /* speaker.cpp in Sources */ = {isa = PBXBuildFile; fileRef = AA6504E45147EEF5FDBC5E58 /* speaker.cpp */; };
		B1CD4A7689ED0DA3AA57E906 /* _factory.cpp in Sources */ = {isa = PBXBuildFile; fileRef = 510ECEAD072D61F690C79723 /* _factory.cpp */; };
		C559795A3C8F5DE8F88EE8B3 /* libacme.dylib in Frameworks */ = {isa = PBXBuildFile; fileRef = B382DE3FDE22166653A86CB0 /* libacme.dylib */; };
		8337668738A35A89033FE53F /* libapex.dylib in Frameworks */ = {isa = PBXBuildFile; fileRef = B437DB3F1555857A37913734 /* libapex.dylib */; };
		83E58C64F021CC237602BE1C /* libaqua.dylib in Frameworks */ = {isa = PBXBuildFile; fileRef = 03D6E4966DD1D0A1BA1F7169 /* libaqua.dylib */; };
/* End PBXBuildFile section */

/* Begin PBXContainerItemProxy section */
		196087FBE0DCF2BF7226E95C /* PBXContainerItemProxy */ = {
			isa = PBXContainerItemProxy;
			containerPortal = 6F3F1B2FB335BEAD2A325B4F /* aqua.xcodeproj */;
			proxyType = 1;
			remoteGlobalIDString = 9A8E9E37282A3210005FF778;
			remoteInfo = ios_aqua;
		};
		4B5DDC6319F5C1083C3D35E0 /* PBXContainerItemProxy */ = {
			isa = PBXContainerItemProxy;
			containerPortal = C727E23E575F3B954098E24B /* aqua.xcodeproj */;
			proxyType = 1;
			remoteGlobalIDString = 9A2818FD25242488009FA9CB;
			remoteInfo = aqua;
		};
		4FEC8BC8892D64E72458D4AE /* PBXContainerItemProxy */ = {
			isa = PBXContainerItemProxy;
			containerPortal = C727E23E575F3B954098E24B /* aqua.xcodeproj */;
			proxyType = 2;
			remoteGlobalIDString = 9A2818FE25242488009FA9CB;
			remoteInfo = aqua;
		};
/* End PBXContainerItemProxy section */

/* Begin PBXFileReference section */
		F6D591173D4E48E05A27D6A2 /* libios_text_to_speech_streamelements.a */ = {isa = PBXFileReference; explicitFileType = "compiled.mach-o.dylib"; includeInIndex = 0; path = libios_text_to_speech_streamelements.a; sourceTree = BUILT_PRODUCTS_DIR; };
		A413E8EB63B84C5C7EEC2869 /* libtext_to_speech_streamelements.dylib */ = {isa = PBXFileReference; explicitFileType = "compiled.mach-o.dylib"; includeInIndex = 0; path = libtext_to_speech_streamelements.dylib; sourceTree = BUILT_PRODUCTS_DIR; };
		024B5F863B451FB1CCF37E11 /* _.h */ = {isa = PBXFileReference; lastKnownFileType = sourcecode.c.h; path = _.h; sourceTree = "<group>"; };
		79C48720C07DA5172FD04C1C /* _.cpp */ = {isa = PBXFileReference; lastKnownFileType = sourcecode.cpp.cpp; path = _.cpp; sourceTree = "<group>"; };
		510ECEAD072D61F690C79723 /* _factory.cpp */ = {isa = PBXFileReference; lastKnownFileType = sourcecode.cpp.cpp; path = _factory.cpp; sourceTree = "<group>"; };
		347146EBEC28F765886CC8F5 /* aaa__library.h */ = {isa = PBXFileReference; lastKnownFileType = sourcecode.c.h; path = aaa__library.h; sourceTree = "<group>"; };
		16B06F804FEE7A2AFA68B127 /* framework.h */ = {isa = PBXFileReference; lastKnownFileType = sourcecode.c.h; path = framework.h; sourceTree = "<group>"; };
		C91C97B0C4306DA0164960B7 /* framework.cpp */ = {isa = PBXFileReference; lastKnownFileType = sourcecode.cpp.cpp; path = framework.cpp; sourceTree = "<group>"; };
		825048147096F7E16EB26B7E /* resource.h */ = {isa = PBXFileReference; lastKnownFileType = sourcecode.c.h; path = resource.h; sourceTree = "<group>"; };
		C3BF9A4976A3FCE78F8DE7CA /* speaker.h */ = {isa = PBXFileReference; lastKnownFileType = sourcecode.c.h; path = speaker.h; sourceTree = "<group>"; };
		AA6504E45147EEF5FDBC5E58 /* speaker.cpp */ = {isa = PBXFileReference; lastKnownFileType = sourcecode.cpp.cpp; path = speaker.cpp; sourceTree = "<group>"; };
		3A281D5690685C991FFA553E /* _____debug.xcconfig */ = {isa = PBXFileReference; lastKnownFileType = text.xcconfig; path = "_____debug.xcconfig"; sourceTree = "<group>"; };
		65A4A0D77E552905A8971C3D /* _____release.xcconfig */ = {isa = PBXFileReference; lastKnownFileType = text.xcconfig; path = "_____release.xcconfig"; sourceTree = "<group>"; };
		6F3F1B2FB335BEAD2A325B4F /* aqua.xcodeproj */ = {isa = PBXFileReference; lastKnownFileType = "wrapper.pb-project"; name = aqua.xcodeproj; path = /Users/camilo/code/main/source/app/aqua/aqua.xcodeproj; sourceTree = "<absolute>"; };
		C727E23E575F3B954098E24B /* aqua.xcodeproj */ = {isa = PBXFileReference; lastKnownFileType = "wrapper.pb-project"; name = aqua.xcodeproj; path = /Users/camilo/code/main/source/app/aqua/aqua.xcodeproj; sourceTree = "<absolute>"; };
		B382DE3FDE22166653A86CB0 /* libacme.dylib */ = {isa = PBXFileReference; explicitFileType = "compiled.mach-o.dylib"; path = libacme.dylib; sourceTree = BUILT_PRODUCTS_DIR; };
		B437DB3F1555857A37913734 /* libapex.dylib */ = {isa = PBXFileReference; explicitFileType = "compiled.mach-o.dylib"; path = libapex.dylib; sourceTree = BUILT_PRODUCTS_DIR; };
/* End PBXFileReference section */

/* Begin PBXFrameworksBuildPhase section */
		28B8FA7FFB2B1852F9C115BE /* Frameworks */ = {
			isa = PBXFrameworksBuildPhase;
			buildActionMask = 2147483647;
			files = (
			);
			runOnlyForDeploymentPostprocessing = 0;
		};
		A28B62FEEF962FF88623DE00 /* Frameworks */ = {
			isa = PBXFrameworksBuildPhase;
			buildActionMask = 2147483647;
			files = (
				C559795A3C8F5DE8F88EE8B3 /* libacme.dylib in Frameworks */,
				8337668738A35A89033FE53F /* libapex.dylib in Frameworks */,
				83E58C64F021CC237602BE1C /* libaqua.dylib in Frameworks */,
			);
			runOnlyForDeploymentPostprocessing = 0;
		};
/* End PBXFrameworksBuildPhase section */

/* Begin PBXGroup section */
		925A1EF410F30BE806871C19 /* Products */ = {
			isa = PBXGroup;
			children = (
			);
			name = Products;
			sourceTree = "<group>";
		};
		D30D7A7842242F355D46C486 = {
			isa = PBXGroup;
			children = (
				6F3F1B2FB335BEAD2A325B4F /* aqua.xcodeproj */,
				3A281D5690685C991FFA553E /* _____debug.xcconfig */,
				65A4A0D77E552905A8971C3D /* _____release.xcconfig */,
				024B5F863B451FB1CCF37E11 /* _.h */,
				79C48720C07DA5172FD04C1C /* _.cpp */,
				510ECEAD072D61F690C79723 /* _factory.cpp */,
				347146EBEC28F765886CC8F5 /* aaa__library.h */,
				16B06F804FEE7A2AFA68B127 /* framework.h */,
				C91C97B0C4306DA0164960B7 /* framework.cpp */,
				825048147096F7E16EB26B7E /* resource.h */,
				C3BF9A4976A3FCE78F8DE7CA /* speaker.h */,
				AA6504E45147EEF5FDBC5E58 /* speaker.cpp */,
				C4E1442372085E1075794F4A /* Products */,
				C727E23E575F3B954098E24B /* aqua.xcodeproj */,
				76E7A27907B0966B92D2800A /* Frameworks */,
			);
			sourceTree = "<group>";
		};
		C4E1442372085E1075794F4A /* Products */ = {
			isa = PBXGroup;
			children = (
				A413E8EB63B84C5C7EEC2869 /* libtext_to_speech_streamelements.dylib */,
				F6D591173D4E48E05A27D6A2 /* libios_text_to_speech_streamelements.a */,
			);
			name = Products;
			sourceTree = "<group>";
		};
		EABDDBEDB36943820700788A /* Products */ = {
			isa = PBXGroup;
			children = (
				03D6E4966DD1D0A1BA1F7169 /* libaqua.dylib */,
			);
			name = Products;
			sourceTree = "<group>";
		};
		76E7A27907B0966B92D2800A /* Frameworks */ = {
			isa = PBXGroup;
			children = (
				B382DE3FDE22166653A86CB0 /* libacme.dylib */,
				B437DB3F1555857A37913734 /* libapex.dylib */,
			);
			name = Frameworks;
			sourceTree = "<group>";
		};
/* End PBXGroup section */

/* Begin PBXHeadersBuildPhase section */
		642D67A5EF6B5864B29343FA /* Headers */ = {
			isa = PBXHeadersBuildPhase;
			buildActionMask = 2147483647;
			files = (
				9DC301636A465826251252F0 /* speaker.h in Headers */,
				690FF690217AE5B0ED1FE747 /* _.h in Headers */,
				D4E0F199EB59BDFB6CF38DEE /* framework.h in Headers */,
				A582685BAAB18838AD245384 /* aaa__library.h in Headers */,
				EF660BE9878D76F7D678F85F /* resource.h in Headers */,
			);
			runOnlyForDeploymentPostprocessing = 0;
		};
		B49AF349101522C6E1F4349B /* Headers */ = {
			isa = PBXHeadersBuildPhase;
			buildActionMask = 2147483647;
			files = (
				378275610386AAEF5FF3B1D4 /* speaker.h in Headers */,
				C4CC65539D405CF78707E9DC /* _.h in Headers */,
				BE46D1EACE8CB3B0FF6F4E24 /* framework.h in Headers */,
				03F5474E0B53427F4DFBDAD8 /* aaa__library.h in Headers */,
				03247865C9FDA9C59D300768 /* resource.h in Headers */,
			);
			runOnlyForDeploymentPostprocessing = 0;
		};
/* End PBXHeadersBuildPhase section */

/* Begin PBXNativeTarget section */
		5D2A116AF4A2B45C6C35A3CA /* ios_text_to_speech_streamelements */ = {
			isa = PBXNativeTarget;
			buildConfigurationList = 94D70224AD9107CC02D2E646 /* Build configuration list for PBXNativeTarget "ios_text_to_speech_streamelements" */;
			buildPhases = (
				642D67A5EF6B5864B29343FA /* Headers */,
				34CC65EF7314D55A3BDFB17D /* Sources */,
				28B8FA7FFB2B1852F9C115BE /* Frameworks */,
				5E2E143354481C2ADB82FA04 /* ShellScript */,
			);
			buildRules = (
			);
			dependencies = (
				A45AADC67192AC6E030BBCC0 /* PBXTargetDependency */,
			);
			name = ios_text_to_speech_streamelements;
			packageProductDependencies = (
			);
			productName = text_to_speech_streamelements;
			productReference = F6D591173D4E48E05A27D6A2 /* libios_text_to_speech_streamelements.a */;
			productType = "com.apple.product-type.library.dynamic";
		};
		8F277071847649B8949B0FBB /* text_to_speech_streamelements */ = {
			isa = PBXNativeTarget;
			buildConfigurationList = 8476958EF12300A6675AADDA /* Build configuration list for PBXNativeTarget "text_to_speech_streamelements" */;
			buildPhases = (
				B49AF349101522C6E1F4349B /* Headers */,
				1684FD3BBDE93D3712544D84 /* Sources */,
				A28B62FEEF962FF88623DE00 /* Frameworks */,
				505291F82C12379559F56359 /* ShellScript */,
			);
			buildRules = (
			);
			dependencies = (
				534D90E43FA7BBD2B7487DE4 /* PBXTargetDependency */,
			);
			name = text_to_speech_streamelements;
			packageProductDependencies = (
			);
			productName = text_to_speech_streamelements;
			productReference = A413E8EB63B84C5C7EEC2869 /* libtext_to_speech_streamelements.dylib */;
			productType = "com.apple.product-type.library.dynamic";
		};
/* End PBXNativeTarget section */

/* Begin PBXProject section */
		A97F60382688FA99B1D00AF9 /* Project object */ = {
			isa = PBXProject;
			attributes = {
				BuildIndependentTargetsInParallel = 1;
				LastUpgradeCheck = 2610;
				TargetAttributes = {
					8F277071847649B8949B0FBB = {
						CreatedOnToolsVersion = 26.1;
					};
				};
			};
			buildConfigurationList = 7F4C9BA9618B35F01EF59F02 /* Build configuration list for PBXProject "text_to_speech_streamelements" */;
			developmentRegion = en;
			hasScannedForEncodings = 0;
			knownRegions = (
				en,
				Base,
			);
			mainGroup = D30D7A7842242F355D46C486;
			minimizedProjectReferenceProxies = 1;
			preferredProjectObjectVersion = 77;
			productRefGroup = C4E1442372085E1075794F4A /* Products */;
			projectDirPath = "";
			projectReferences = (
				{
					ProductGroup = 925A1EF410F30BE806871C19 /* Products */;
					ProjectRef = 6F3F1B2FB335BEAD2A325B4F /* aqua.xcodeproj */;
				},
				{
					ProductGroup = EABDDBEDB36943820700788A /* Products */;
					ProjectRef = C727E23E575F3B954098E24B /* aqua.xcodeproj */;
				},
			);
			projectRoot = "";
			targets = (
				8F277071847649B8949B0FBB /* text_to_speech_streamelements */,
				5D2A116AF4A2B45C6C35A3CA /* ios_text_to_speech_streamelements */,
			);
		};
/* End PBXProject section */

/* Begin PBXReferenceProxy section */
		03D6E4966DD1D0A1BA1F7169 /* libaqua.dylib */ = {
			isa = PBXReferenceProxy;
			fileType = "compiled.mach-o.dylib";
			path = libaqua.dylib;
			remoteRef = 4FEC8BC8892D64E72458D4AE /* PBXContainerItemProxy */;
			sourceTree = BUILT_PRODUCTS_DIR;
		};
/* End PBXReferenceProxy section */

/* Begin PBXShellScriptBuildPhase section */
		505291F82C12379559F56359 /* ShellScript */ = {
			isa = PBXShellScriptBuildPhase;
			buildActionMask = 2147483647;
			files = (
			);
			inputFileListPaths = (
			);
			inputPaths = (
				"$(BUILT_PRODUCTS_DIR)/$(EXECUTABLE_NAME)",
				"$(WorkspaceDir)/output_copy.txt",
			);
			outputFileListPaths = (
			);
			outputPaths = (
				"$(WorkspaceDir)/time-$(PLATFORM_MODIFIER)/output-$(CONFIIGURATION)/$(EXECUTABLE_NAME)",
			);
			runOnlyForDeploymentPostprocessing = 0;
			shellPath = /bin/sh;
			shellScript = ". $HOME/code/operating_system/tool/bin/_on_after_build_dylib\n";
		};
		5E2E143354481C2ADB82FA04 /* ShellScript */ = {
			isa = PBXShellScriptBuildPhase;
			buildActionMask = 2147483647;
			files = (
			);
			inputFileListPaths = (
			);
			inputPaths = (
				"$(BUILT_PRODUCTS_DIR)/$(EXECUTABLE_NAME)",
				"$(WorkspaceDir)/output_copy.txt",
			);
			outputFileListPaths = (
			);
			outputPaths = (
				"$(WorkspaceDir)/time-$(PLATFORM_MODIFIER)/output-$(CONFIIGURATION)/$(EXECUTABLE_NAME)",
			);
			runOnlyForDeploymentPostprocessing = 0;
			shellPath = /bin/sh;
			shellScript = ". $HOME/code/operating_system/tool/bin/_on_after_build_dylib\n";
		};
/* End PBXShellScriptBuildPhase section */

/* Begin PBXSourcesBuildPhase section */
		34CC65EF7314D55A3BDFB17D /* Sources */ = {
			isa = PBXSourcesBuildPhase;
			buildActionMask = 2147483647;
			files = (
				4C0AD40C73F409A6496ADE28 /* _.cpp in Sources */,
				15EFF36D0727BB78F80AF85F /* framework.cpp in Sources */,
				10CFFB09E26093E5924E6807 /* speaker.cpp in Sources */,
				74BF299B24514EFA2C935FF6 /* _factory.cpp in Sources */,
			);
			runOnlyForDeploymentPostprocessing = 0;
		};
		1684FD3BBDE93D3712544D84 /* Sources */ = {
			isa = PBXSourcesBuildPhase;
			buildActionMask = 2147483647;
			files = (
				4821DFAC636AB8A6520FBD8E /* _.cpp in Sources */,
				69BC33AE6575EEE143AF63F6 /* framework.cpp in Sources */,
				1B8844CC39E24D4FA31E96DD /* speaker.cpp in Sources */,
				B1CD4A7689ED0DA3AA57E906 /* _factory.cpp in Sources */,
			);
			runOnlyForDeploymentPostprocessing = 0;
		};
/* End PBXSourcesBuildPhase section */

/* Begin PBXTargetDependency section */
		A45AADC67192AC6E030BBCC0 /* PBXTargetDependency */ = {
			isa = PBXTargetDependency;
			name = ios_aqua;
			targetProxy = 196087FBE0DCF2BF7226E95C /* PBXContainerItemProxy */;
		};
		534D90E43FA7BBD2B7487DE4 /* PBXTargetDependency */ = {
			isa = PBXTargetDependency;
			name = aqua;
			targetProxy = 4B5DDC6319F5C1083C3D35E0 /* PBXContainerItemProxy */;
		};
/* End PBXTargetDependency section */

/* Begin XCBuildConfiguration section */
		36C297678F526C754E44118D /* Debug */ = {
			isa = XCBuildConfiguration;
			buildSettings = {
				EXECUTABLE_EXTENSION = a;
				MACH_O_TYPE = staticlib;
				PLATFORM_MODIFIER = ios;
				SDKROOT = iphoneos;
			};
			name = Debug;
		};
		AB343C0EE64E8A8A53DDE100 /* Release */ = {
			isa = XCBuildConfiguration;
			buildSettings = {
				EXECUTABLE_EXTENSION = a;
				MACH_O_TYPE = staticlib;
				PLATFORM_MODIFIER = ios;
				SDKROOT = iphoneos;
			};
			name = Release;
		};
		6AC9216A6CA38838D15DA866 /* Debug */ = {
			isa = XCBuildConfiguration;
			baseConfigurationReference = 3A281D5690685C991FFA553E /* _____debug.xcconfig */;
			buildSettings = {
				ALWAYS_SEARCH_USER_PATHS = NO;
				ASSETCATALOG_COMPILER_GENERATE_SWIFT_ASSET_SYMBOL_EXTENSIONS = YES;
				CLANG_ANALYZER_NONNULL = YES;
				CLANG_ANALYZER_NUMBER_OBJECT_CONVERSION = YES_AGGRESSIVE;
				CLANG_CXX_LANGUAGE_STANDARD = "c++20";
				CLANG_ENABLE_MODULES = YES;
				CLANG_ENABLE_OBJC_ARC = YES;
				CLANG_ENABLE_OBJC_WEAK = YES;
				CLANG_WARN_BLOCK_CAPTURE_AUTORELEASING = YES;
				CLANG_WARN_BOOL_CONVERSION = YES;
				CLANG_WARN_COMMA = YES;
				CLANG_WARN_CONSTANT_CONVERSION = YES;
				CLANG_WARN_DEPRECATED_OBJC_IMPLEMENTATIONS = YES;
				CLANG_WARN_DIRECT_OBJC_ISA_USAGE = YES_ERROR;
				CLANG_WARN_DOCUMENTATION_COMMENTS = YES;
				CLANG_WARN_EMPTY_BODY = YES;
				CLANG_WARN_ENUM_CONVERSION = YES;
				CLANG_WARN_INFINITE_RECURSION = YES;
				CLANG_WARN_INT_CONVERSION = YES;
				CLANG_WARN_NON_LITERAL_NULL_CONVERSION = YES;
				CLANG_WARN_OBJC_IMPLICIT_RETAIN_SELF = YES;
				CLANG_WARN_OBJC_LITERAL_CONVERSION = YES;
				CLANG_WARN_OBJC_ROOT_CLASS = YES_ERROR;
				CLANG_WARN_QUOTED_INCLUDE_IN_FRAMEWORK_HEADER = YES;
				CLANG_WARN_RANGE_LOOP_ANALYSIS = YES;
				CLANG_WARN_STRICT_PROTOTYPES = YES;
				CLANG_WARN_SUSPICIOUS_MOVE = YES;
				CLANG_WARN_UNGUARDED_AVAILABILITY = YES_AGGRESSIVE;
				CLANG_WARN_UNREACHABLE_CODE = YES;
				CLANG_WARN__DUPLICATE_METHOD_MATCH = YES;
				COPY_PHASE_STRIP = NO;
				DEBUG_INFORMATION_FORMAT = "dwarf-with-dsym";
				DEVELOPMENT_TEAM = HS8735NRM5;
				ENABLE_STRICT_OBJC_MSGSEND = YES;
				ENABLE_TESTABILITY = YES;
				ENABLE_USER_SCRIPT_SANDBOXING = YES;
				EXECUTABLE_PREFIX = lib;
				GCC_C_LANGUAGE_STANDARD = c11;
				GCC_DYNAMIC_NO_PIC = NO;
				GCC_NO_COMMON_BLOCKS = YES;
				GCC_OPTIMIZATION_LEVEL = 0;
				GCC_PREPROCESSOR_DEFINITIONS = (
					"DEBUG=1",
					"$(inherited)",
				);
				GCC_WARN_64_TO_32_BIT_CONVERSION = YES;
				GCC_WARN_ABOUT_RETURN_TYPE = YES_ERROR;
				GCC_WARN_UNDECLARED_SELECTOR = YES;
				GCC_WARN_UNINITIALIZED_AUTOS = YES_AGGRESSIVE;
				GCC_WARN_UNUSED_FUNCTION = YES;
				GCC_WARN_UNUSED_VARIABLE = YES;
				HEADER_SEARCH_PATHS = "";
				LD_RUNPATH_SEARCH_PATHS = (
					"@executable_path",
					"@loader_path",
				);
				LIBRARY_SEARCH_PATHS = (
					"$(inherited)",
					"$(WorkspaceDir)/../operating_system/storage-$(PLATFORM_MODIFIER)/$(CONFIGURATION)/library",
				);
				LOCALIZATION_PREFERS_STRING_CATALOGS = YES;
				MACOSX_DEPLOYMENT_TARGET = 26.0;
				MTL_ENABLE_DEBUG_INFO = INCLUDE_SOURCE;
				MTL_FAST_MATH = YES;
				ONLY_ACTIVE_ARCH = YES;
				PRODUCT_NAME = "$(TARGET_NAME)";
				SDKROOT = macosx;
				SKIP_INSTALL = YES;
				SYSTEM_HEADER_SEARCH_PATHS = (
					"$(WorkspaceDir)/operating_system/operating_system-$(PLATFORM_MODIFIER)/include",
					"$(WorkspaceDir)/operating_system/operating_system-$(PLATFORM_MODIFIER)/configuration",
					"$(WorkspaceDir)/port/include",
					"$(WorkspaceDir)/source/app/include",
				);
				USER_HEADER_SEARCH_PATHS = (
					.,
					"$(WorkspaceDir)/source",
					"$(WorkspaceDir)/source/app",
					"$(WorkspaceDir)/source/app/_include",
					"$(WorkspaceDir)/operating_system",
					"$(WorkspaceDir)/operating_system/operating_system-$(PLATFORM_MODIFIER)",
					"$(WorkspaceDir)/operating_system/operating_system-$(PLATFORM_MODIFIER)/configuration_selection/$(CONFIGURATION)",
					"$(WorkspaceDir)/port/_",
					"$(PROJECT_DIR)",
					"$(PROJECT_DIR)/..",
					"$(PROJECT_DIR)/../..",
					"$(HOME)/sensitive/sensitive/include",
				);
				USE_HEADERMAP = NO;
				WorkspaceDir = "$(SRCROOT)/../../..";
			};
			name = Debug;
		};
		85BB888452948744ADA946A9 /* Release */ = {
			isa = XCBuildConfiguration;
			baseConfigurationReference = 65A4A0D77E552905A8971C3D /* _____release.xcconfig */;
			buildSettings = {
				ALWAYS_SEARCH_USER_PATHS = NO;
				ASSETCATALOG_COMPILER_GENERATE_SWIFT_ASSET_SYMBOL_EXTENSIONS = YES;
				CLANG_ANALYZER_NONNULL = YES;
				CLANG_ANALYZER_NUMBER_OBJECT_CONVERSION = YES_AGGRESSIVE;
				CLANG_CXX_LANGUAGE_STANDARD = "c++20";
				CLANG_ENABLE_MODULES = YES;
				CLANG_ENABLE_OBJC_ARC = YES;
				CLANG_ENABLE_OBJC_WEAK = YES;
				CLANG_WARN_BLOCK_CAPTURE_AUTORELEASING = YES;
				CLANG_WARN_BOOL_CONVERSION = YES;
				CLANG_WARN_COMMA = YES;
				CLANG_WARN_CONSTANT_CONVERSION = YES;
				CLANG_WARN_DEPRECATED_OBJC_IMPLEMENTATIONS = YES;
				CLANG_WARN_DIRECT_OBJC_ISA_USAGE = YES_ERROR;
				CLANG_WARN_DOCUMENTATION_COMMENTS = YES;
				CLANG_WARN_EMPTY_BODY = YES;
				CLANG_WARN_ENUM_CONVERSION = YES;
				CLANG_WARN_INFINITE_RECURSION = YES;
				CLANG_WARN_INT_CONVERSION = YES;
				CLANG_WARN_NON_LITERAL_NULL_CONVERSION = YES;
				CLANG_WARN_OBJC_IMPLICIT_RETAIN_SELF = YES;
				CLANG_WARN_OBJC_LITERAL_CONVERSION = YES;
				CLANG_WARN_OBJC_ROOT_CLASS = YES_ERROR;
				CLANG_WARN_QUOTED_INCLUDE_IN_FRAMEWORK_HEADER = YES;
				CLANG_WARN_RANGE_LOOP_ANALYSIS = YES;
				CLANG_WARN_STRICT_PROTOTYPES = YES;
				CLANG_WARN_SUSPICIOUS_MOVE = YES;
				CLANG_WARN_UNGUARDED_AVAILABILITY = YES_AGGRESSIVE;
				CLANG_WARN_UNREACHABLE_CODE = YES;
				CLANG_WARN__DUPLICATE_METHOD_MATCH = YES;
				COPY_PHASE_STRIP = NO;
				DEBUG_INFORMATION_FORMAT = "dwarf-with-dsym";
				DEVELOPMENT_TEAM = HS8735NRM5;
				ENABLE_NS_ASSERTIONS = NO;
				ENABLE_STRICT_OBJC_MSGSEND = YES;
				ENABLE_TESTABILITY = YES;
				ENABLE_USER_SCRIPT_SANDBOXING = YES;
				EXECUTABLE_PREFIX = lib;
				GCC_C_LANGUAGE_STANDARD = c11;
				GCC_NO_COMMON_BLOCKS = YES;
				GCC_WARN_64_TO_32_BIT_CONVERSION = YES;
				GCC_WARN_ABOUT_RETURN_TYPE = YES_ERROR;
				GCC_WARN_UNDECLARED_SELECTOR = YES;
				GCC_WARN_UNINITIALIZED_AUTOS = YES_AGGRESSIVE;
				GCC_WARN_UNUSED_FUNCTION = YES;
				GCC_WARN_UNUSED_VARIABLE = YES;
				HEADER_SEARCH_PATHS = "";
				LD_RUNPATH_SEARCH_PATHS = (
					"@executable_path",
					"@loader_path",
				);
				LIBRARY_SEARCH_PATHS = (
					"$(inherited)",
					"$(WorkspaceDir)/../operating_system/storage-$(PLATFORM_MODIFIER)/$(CONFIGURATION)/library",
				);
				LOCALIZATION_PREFERS_STRING_CATALOGS = YES;
				MACOSX_DEPLOYMENT_TARGET = 26.0;
				MTL_ENABLE_DEBUG_INFO = NO;
				MTL_FAST_MATH = YES;
				PRODUCT_NAME = "$(TARGET_NAME)";
				SDKROOT = macosx;
				SKIP_INSTALL = YES;
				SYSTEM_HEADER_SEARCH_PATHS = (
					"$(WorkspaceDir)/operating_system/operating_system-$(PLATFORM_MODIFIER)/include",
					"$(WorkspaceDir)/operating_system/operating_system-$(PLATFORM_MODIFIER)/configuration",
					"$(WorkspaceDir)/port/include",
					"$(WorkspaceDir)/source/app/include",
				);
				USER_HEADER_SEARCH_PATHS = (
					.,
					"$(WorkspaceDir)/source",
					"$(WorkspaceDir)/source/app",
					"$(WorkspaceDir)/source/app/_include",
					"$(WorkspaceDir)/operating_system",
					"$(WorkspaceDir)/operating_system/operating_system-$(PLATFORM_MODIFIER)",
					"$(WorkspaceDir)/operating_system/operating_system-$(PLATFORM_MODIFIER)/configuration_selection/$(CONFIGURATION)",
					"$(WorkspaceDir)/port/_",
					"$(PROJECT_DIR)",
					"$(PROJECT_DIR)/..",
					"$(PROJECT_DIR)/../..",
					"$(HOME)/sensitive/sensitive/include",
				);
				USE_HEADERMAP = NO;
				WorkspaceDir = "$(SRCROOT)/../../..";
			};
			name = Release;
		};
		1385C76078B5C1F2F641B609 /* Debug */ = {
			isa = XCBuildConfiguration;
			buildSettings = {
				ENABLE_HARDENED_RUNTIME = YES;
				EXECUTABLE_EXTENSION = dylib;
				MACH_O_TYPE = mh_dylib;
				PLATFORM_MODIFIER = macos;
				SDKROOT = macosx;
			};
			name = Debug;
		};
		F575AC973B29FE01CA060CBD /* Release */ = {
			isa = XCBuildConfiguration;
			buildSettings = {
				ENABLE_HARDENED_RUNTIME = YES;
				EXECUTABLE_EXTENSION = dylib;
				MACH_O_TYPE = mh_dylib;
				PLATFORM_MODIFIER = macos;
				SDKROOT = macosx;
			};
			name = Release;
		};
/* End XCBuildConfiguration section */

/* Begin XCConfigurationList section */
		94D70224AD9107CC02D2E646 /* Build configuration list for PBXNativeTarget "ios_text_to_speech_streamelements" */ = {
			isa = XCConfigurationList;
			buildConfigurations = (
				36C297678F526C754E44118D /* Debug */,
				AB343C0EE64E8A8A53DDE100 /* Release */,
			);
			defaultConfigurationIsVisible = 0;
			defaultConfigurationName = Release;
		};
		7F4C9BA9618B35F01EF59F02 /* Build configuration list for PBXProject "text_to_speech_streamelements" */ = {
			isa = XCConfigurationList;
			buildConfigurations = (
				6AC9216A6CA38838D15DA866 /* Debug */,
				85BB888452948744ADA946A9 /* Release */,
			);
			defaultConfigurationIsVisible = 0;
			defaultConfigurationName = Release;
		};
		8476958EF12300A6675AADDA /* Build configuration list for PBXNativeTarget "text_to_speech_streamelements" */ = {
			isa = XCConfigurationList;
			buildConfigurations = (
				1385C76078B5C1F2F641B609 /* Debug */,
				F575AC973B29FE01CA060CBD /* Release */,
			);
			defaultConfigurationIsVisible = 0;
			defaultConfigurationName = Release;
		};
/* End XCConfigurationList section */
	};
	rootObject = A97F60382688FA99B1D00AF9 /* Project object */;
}
